<?xml version="1.0" encoding="utf-8"?>
<Project ToolsVersion="4.0" xmlns="http://schemas.microsoft.com/developer/msbuild/2003">
  <ItemGroup>
    <ClCompile Include="main.cpp" />
    <ClCompile Include="..\..\Common\Base\DBuffer.cpp">
      <Filter>Common\Base</Filter>
    </ClCompile>
    <ClCompile Include="..\..\Common\Base\DUTF8.cpp">
      <Filter>Common\Base</Filter>
    </ClCompile>
    <ClCompile Include="..\..\Common\File\DBmpFile.cpp">
      <Filter>Common\File</Filter>
    </ClCompile>
    <ClCompile Include="..\..\Common\Base\DFile.cpp">
      <Filter>Common\Base</Filter>
    </ClCompile>
    <ClCompile Include="..\..\Common\Video\DVideoFrame.cpp">
      <Filter>Common\Video</Filter>
    </ClCompile>
    <ClCompile Include="..\..\Common\Base\DXP.cpp">
      <Filter>Common\Base</Filter>
    </ClCompile>
    <ClCompile Include="..\..\Common\Video\DVideoColor.cpp">
      <Filter>Common\Video</Filter>
    </ClCompile>
    <ClCompile Include="..\..\Common\COMBridge\WinDS.cpp">
      <Filter>Common\COMBridge</Filter>
    </ClCompile>
    <ClCompile Include="..\..\Common\COMBridge\WinDSCapturePin.cpp">
      <Filter>Common\COMBridge</Filter>
    </ClCompile>
    <ClCompile Include="..\..\Common\COMBridge\WinDSSinkFilter.cpp">
      <Filter>Common\COMBridge</Filter>
    </ClCompile>
    <ClCompile Include="..\..\Common\COMBridge\WinDSVideoCapture.cpp">
      <Filter>Common\COMBridge</Filter>
    </ClCompile>
    <ClCompile Include="..\..\Common\COMBridge\WinDSCamera.cpp">
      <Filter>Common\COMBridge</Filter>
    </ClCompile>
    <ClCompile Include="..\..\Common\Video\DVideoFormat.cpp">
      <Filter>Common\Video</Filter>
    </ClCompile>
  </ItemGroup>
  <ItemGroup>
    <ClInclude Include="..\..\Common\Base\DBuffer.h">
      <Filter>Common\Base</Filter>
    </ClInclude>
    <ClInclude Include="..\..\Common\Base\DUTF8.h">
      <Filter>Common\Base</Filter>
    </ClInclude>
    <ClInclude Include="..\..\Common\Video\DVideoDefines.h">
      <Filter>Common\Video</Filter>
    </ClInclude>
    <ClInclude Include="MainWindow.h">
      <Filter>Window</Filter>
    </ClInclude>
    <ClInclude Include="resource.h">
      <Filter>Resource</Filter>
    </ClInclude>
    <ClInclude Include="..\..\Common\File\DBmpFile.h">
      <Filter>Common\File</Filter>
    </ClInclude>
    <ClInclude Include="..\..\Common\Base\DFile.h">
      <Filter>Common\Base</Filter>
    </ClInclude>
    <ClInclude Include="..\..\Common\Base\DAtomic.h">
      <Filter>Common\Base</Filter>
    </ClInclude>
    <ClInclude Include="..\..\Common\DConfig.h">
      <Filter>Common</Filter>
    </ClInclude>
    <ClInclude Include="..\..\Common\DConfig_iOS.h">
      <Filter>Common</Filter>
    </ClInclude>
    <ClInclude Include="..\..\Common\DConfig_Win.h">
      <Filter>Common</Filter>
    </ClInclude>
    <ClInclude Include="..\..\Common\DTypes.h">
      <Filter>Common</Filter>
    </ClInclude>
    <ClInclude Include="..\..\Common\Video\DVideoFrame.h">
      <Filter>Common\Video</Filter>
    </ClInclude>
    <ClInclude Include="..\..\Common\Base\DXP.h">
      <Filter>Common\Base</Filter>
    </ClInclude>
    <ClInclude Include="..\..\Common\Video\DVideoColor.h">
      <Filter>Common\Video</Filter>
    </ClInclude>
    <ClInclude Include="..\..\Common\COMBridge\WinDS.h">
      <Filter>Common\COMBridge</Filter>
    </ClInclude>
    <ClInclude Include="..\..\Common\COMBridge\WinDSCapturePin.h">
      <Filter>Common\COMBridge</Filter>
    </ClInclude>
    <ClInclude Include="..\..\Common\COMBridge\WinDSSinkFilter.h">
      <Filter>Common\COMBridge</Filter>
    </ClInclude>
    <ClInclude Include="..\..\Common\COMBridge\WinDSVideoCapture.h">
      <Filter>Common\COMBridge</Filter>
    </ClInclude>
    <ClInclude Include="..\..\Common\COMBridge\WinDSCamera.h">
      <Filter>Common\COMBridge</Filter>
    </ClInclude>
    <ClInclude Include="..\..\Common\Video\DVideoFormat.h">
      <Filter>Common\Video</Filter>
    </ClInclude>
  </ItemGroup>
  <ItemGroup>
    <Filter Include="Common">
      <UniqueIdentifier>{2c801462-9925-4b10-9c8f-e8dcc6775f54}</UniqueIdentifier>
    </Filter>
    <Filter Include="Resource">
      <UniqueIdentifier>{0d7b4d39-9365-4fdd-b26d-70978e8b8891}</UniqueIdentifier>
    </Filter>
    <Filter Include="Common\Base">
      <UniqueIdentifier>{a343c6db-6789-4da1-a317-f708005791c8}</UniqueIdentifier>
    </Filter>
    <Filter Include="Common\Video">
      <UniqueIdentifier>{e6cea01f-8eca-4d29-8d0e-3e177b9f9245}</UniqueIdentifier>
    </Filter>
    <Filter Include="Common\File">
      <UniqueIdentifier>{48d512d3-04d8-4484-a19d-660a40a151b6}</UniqueIdentifier>
    </Filter>
    <Filter Include="Common\COMBridge">
      <UniqueIdentifier>{06422dff-38bb-406f-99c1-fa2f6a5ab0e5}</UniqueIdentifier>
    </Filter>
    <Filter Include="Window">
      <UniqueIdentifier>{02051e04-44d0-4f95-b25e-8996c926a8c7}</UniqueIdentifier>
    </Filter>
  </ItemGroup>
  <ItemGroup>
    <ResourceCompile Include="DSCapture.rc">
      <Filter>Resource</Filter>
    </ResourceCompile>
  </ItemGroup>
</Project>