
Microsoft Visual Studio Solution File, Format Version 12.00
# Visual Studio Version 17
VisualStudioVersion = 17.3.32804.467
MinimumVisualStudioVersion = 10.0.40219.1
Project("{2150E333-8FDC-42A3-9474-1A3956D46DE8}") = "Ch1", "Ch1", "{800A6591-BDFD-4A01-8796-8F9DECAED02D}"
EndProject
Project("{2150E333-8FDC-42A3-9474-1A3956D46DE8}") = "Ch2", "Ch2", "{DF4FE93F-5DAB-4E84-8C9D-0B986CAC05D5}"
EndProject
Project("{8BC9CEB8-8B4A-11D0-8D11-00A0C91BC942}") = "01_BufferViewer", "ch01\01_BufferViewer\BufferViewer.vcxproj", "{A1CC8FFC-2210-4D5F-A709-4E96226316F2}"
EndProject
Project("{8BC9CEB8-8B4A-11D0-8D11-00A0C91BC942}") = "02_TextViewer", "ch01\02_TextViewer\TextViewer.vcxproj", "{B87B0B4F-7DA1-434F-BC38-1E6584B71394}"
EndProject
Project("{8BC9CEB8-8B4A-11D0-8D11-00A0C91BC942}") = "04_HelloRTC_Win", "ch01\04_HelloRTC_Win\HelloRTC_Win.vcxproj", "{AB28F6A8-A828-4A91-9FFE-089B6E1F7389}"
EndProject
Project("{2150E333-8FDC-42A3-9474-1A3956D46DE8}") = "Test", "Test", "{12F5B778-5369-4E87-88B9-40AA0766B506}"
EndProject
Project("{8BC9CEB8-8B4A-11D0-8D11-00A0C91BC942}") = "TestCommon", "Test\TestCommon\TestCommon.vcxproj", "{E30B3FAA-2F2F-47ED-B2A0-0BA824286037}"
EndProject
Project("{8BC9CEB8-8B4A-11D0-8D11-00A0C91BC942}") = "03_HelloRTC_Server", "ch01\03_HelloRTC\HelloRTC.vcxproj", "{272F51AF-D425-412D-AD17-C57DD9EC4985}"
EndProject
Project("{8BC9CEB8-8B4A-11D0-8D11-00A0C91BC942}") = "01_BitmapViewer", "ch02\01_BitmapViewer\BitmapViewer.vcxproj", "{3A825B7A-96A0-46D2-91CE-428DF6E7E484}"
EndProject
Project("{2150E333-8FDC-42A3-9474-1A3956D46DE8}") = "Ch3", "Ch3", "{9624C662-F10F-4633-8F2E-07E755EEFC9D}"
EndProject
Project("{8BC9CEB8-8B4A-11D0-8D11-00A0C91BC942}") = "02_CaptureDevice", "ch02\02_CaptureDevice\CaptureDevice.vcxproj", "{92B11BE2-BC67-427A-9291-15111C9EE0C3}"
EndProject
Project("{8BC9CEB8-8B4A-11D0-8D11-00A0C91BC942}") = "03_DSCapture", "ch02\03_DSCapture\DSCapture.vcxproj", "{55491D16-663D-45AF-96A8-05E454B979F6}"
EndProject
Project("{8BC9CEB8-8B4A-11D0-8D11-00A0C91BC942}") = "04_Time", "ch02\04_Time\04_Time.vcxproj", "{9032E02F-1A13-4B45-869C-0EF8B86B3599}"
EndProject
Project("{8BC9CEB8-8B4A-11D0-8D11-00A0C91BC942}") = "00_HelloWorld", "ch01\00_HelloWorld\00_HelloWorld.vcxproj", "{BCAFB6B2-0914-4C31-A744-2472975B97BD}"
EndProject
Project("{8BC9CEB8-8B4A-11D0-8D11-00A0C91BC942}") = "04_TimeCast", "ch02\04_TimeCast\04_TimeCast.vcxproj", "{0BDDF83B-F940-4140-8162-D124B4A8ADDE}"
EndProject
Project("{8BC9CEB8-8B4A-11D0-8D11-00A0C91BC942}") = "04_SystemClock", "ch02\04_SystemClock\04_SystemClock.vcxproj", "{4D4D979E-2A0C-4D31-A33C-B08AECE7655F}"
EndProject
Project("{8BC9CEB8-8B4A-11D0-8D11-00A0C91BC942}") = "04_SteadyClock", "ch02\04_SteadyClock\04_SteadyClock.vcxproj", "{D24922FD-FCDC-4801-A666-F29B12366FA3}"
EndProject
Project("{2150E333-8FDC-42A3-9474-1A3956D46DE8}") = "Ch7", "Ch7", "{0FAFA64B-6881-4402-B7F6-86F42EBBED1F}"
EndProject
Project("{8BC9CEB8-8B4A-11D0-8D11-00A0C91BC942}") = "03_LiteICE", "ch07\03_LiteICE\03_LiteICE.vcxproj", "{3117E7FF-962D-4F0A-B998-426FF62D554E}"
EndProject
Project("{2150E333-8FDC-42A3-9474-1A3956D46DE8}") = "Ch4", "Ch4", "{144C66E3-13D1-489F-B084-8BA251B4DD63}"
EndProject
Project("{2150E333-8FDC-42A3-9474-1A3956D46DE8}") = "Ch5", "Ch5", "{D4592AB5-3DD8-46B9-9337-2C959520D076}"
EndProject
Project("{2150E333-8FDC-42A3-9474-1A3956D46DE8}") = "Ch6", "Ch6", "{28A24BB1-003A-47A2-898E-C57FB74B394B}"
EndProject
Project("{2150E333-8FDC-42A3-9474-1A3956D46DE8}") = "Ch8", "Ch8", "{CBC6CC86-B9C2-4428-932E-CA438B9DB311}"
EndProject
Global
	GlobalSection(SolutionConfigurationPlatforms) = preSolution
		Debug|x64 = Debug|x64
		Debug|x86 = Debug|x86
		Release|x64 = Release|x64
		Release|x86 = Release|x86
	EndGlobalSection
	GlobalSection(ProjectConfigurationPlatforms) = postSolution
		{A1CC8FFC-2210-4D5F-A709-4E96226316F2}.Debug|x64.ActiveCfg = Debug|x64
		{A1CC8FFC-2210-4D5F-A709-4E96226316F2}.Debug|x64.Build.0 = Debug|x64
		{A1CC8FFC-2210-4D5F-A709-4E96226316F2}.Debug|x86.ActiveCfg = Debug|Win32
		{A1CC8FFC-2210-4D5F-A709-4E96226316F2}.Debug|x86.Build.0 = Debug|Win32
		{A1CC8FFC-2210-4D5F-A709-4E96226316F2}.Release|x64.ActiveCfg = Release|x64
		{A1CC8FFC-2210-4D5F-A709-4E96226316F2}.Release|x64.Build.0 = Release|x64
		{A1CC8FFC-2210-4D5F-A709-4E96226316F2}.Release|x86.ActiveCfg = Release|Win32
		{A1CC8FFC-2210-4D5F-A709-4E96226316F2}.Release|x86.Build.0 = Release|Win32
		{B87B0B4F-7DA1-434F-BC38-1E6584B71394}.Debug|x64.ActiveCfg = Debug|x64
		{B87B0B4F-7DA1-434F-BC38-1E6584B71394}.Debug|x64.Build.0 = Debug|x64
		{B87B0B4F-7DA1-434F-BC38-1E6584B71394}.Debug|x86.ActiveCfg = Debug|Win32
		{B87B0B4F-7DA1-434F-BC38-1E6584B71394}.Debug|x86.Build.0 = Debug|Win32
		{B87B0B4F-7DA1-434F-BC38-1E6584B71394}.Release|x64.ActiveCfg = Release|x64
		{B87B0B4F-7DA1-434F-BC38-1E6584B71394}.Release|x64.Build.0 = Release|x64
		{B87B0B4F-7DA1-434F-BC38-1E6584B71394}.Release|x86.ActiveCfg = Release|Win32
		{B87B0B4F-7DA1-434F-BC38-1E6584B71394}.Release|x86.Build.0 = Release|Win32
		{AB28F6A8-A828-4A91-9FFE-089B6E1F7389}.Debug|x64.ActiveCfg = Debug|x64
		{AB28F6A8-A828-4A91-9FFE-089B6E1F7389}.Debug|x64.Build.0 = Debug|x64
		{AB28F6A8-A828-4A91-9FFE-089B6E1F7389}.Debug|x86.ActiveCfg = Debug|Win32
		{AB28F6A8-A828-4A91-9FFE-089B6E1F7389}.Debug|x86.Build.0 = Debug|Win32
		{AB28F6A8-A828-4A91-9FFE-089B6E1F7389}.Release|x64.ActiveCfg = Release|x64
		{AB28F6A8-A828-4A91-9FFE-089B6E1F7389}.Release|x64.Build.0 = Release|x64
		{AB28F6A8-A828-4A91-9FFE-089B6E1F7389}.Release|x86.ActiveCfg = Release|Win32
		{AB28F6A8-A828-4A91-9FFE-089B6E1F7389}.Release|x86.Build.0 = Release|Win32
		{E30B3FAA-2F2F-47ED-B2A0-0BA824286037}.Debug|x64.ActiveCfg = Debug|x64
		{E30B3FAA-2F2F-47ED-B2A0-0BA824286037}.Debug|x64.Build.0 = Debug|x64
		{E30B3FAA-2F2F-47ED-B2A0-0BA824286037}.Debug|x86.ActiveCfg = Debug|Win32
		{E30B3FAA-2F2F-47ED-B2A0-0BA824286037}.Debug|x86.Build.0 = Debug|Win32
		{E30B3FAA-2F2F-47ED-B2A0-0BA824286037}.Release|x64.ActiveCfg = Release|x64
		{E30B3FAA-2F2F-47ED-B2A0-0BA824286037}.Release|x64.Build.0 = Release|x64
		{E30B3FAA-2F2F-47ED-B2A0-0BA824286037}.Release|x86.ActiveCfg = Release|Win32
		{E30B3FAA-2F2F-47ED-B2A0-0BA824286037}.Release|x86.Build.0 = Release|Win32
		{272F51AF-D425-412D-AD17-C57DD9EC4985}.Debug|x64.ActiveCfg = Debug|x64
		{272F51AF-D425-412D-AD17-C57DD9EC4985}.Debug|x64.Build.0 = Debug|x64
		{272F51AF-D425-412D-AD17-C57DD9EC4985}.Debug|x86.ActiveCfg = Debug|Win32
		{272F51AF-D425-412D-AD17-C57DD9EC4985}.Debug|x86.Build.0 = Debug|Win32
		{272F51AF-D425-412D-AD17-C57DD9EC4985}.Release|x64.ActiveCfg = Release|x64
		{272F51AF-D425-412D-AD17-C57DD9EC4985}.Release|x64.Build.0 = Release|x64
		{272F51AF-D425-412D-AD17-C57DD9EC4985}.Release|x86.ActiveCfg = Release|Win32
		{272F51AF-D425-412D-AD17-C57DD9EC4985}.Release|x86.Build.0 = Release|Win32
		{3A825B7A-96A0-46D2-91CE-428DF6E7E484}.Debug|x64.ActiveCfg = Debug|x64
		{3A825B7A-96A0-46D2-91CE-428DF6E7E484}.Debug|x64.Build.0 = Debug|x64
		{3A825B7A-96A0-46D2-91CE-428DF6E7E484}.Debug|x86.ActiveCfg = Debug|Win32
		{3A825B7A-96A0-46D2-91CE-428DF6E7E484}.Debug|x86.Build.0 = Debug|Win32
		{3A825B7A-96A0-46D2-91CE-428DF6E7E484}.Release|x64.ActiveCfg = Release|x64
		{3A825B7A-96A0-46D2-91CE-428DF6E7E484}.Release|x64.Build.0 = Release|x64
		{3A825B7A-96A0-46D2-91CE-428DF6E7E484}.Release|x86.ActiveCfg = Release|Win32
		{3A825B7A-96A0-46D2-91CE-428DF6E7E484}.Release|x86.Build.0 = Release|Win32
		{92B11BE2-BC67-427A-9291-15111C9EE0C3}.Debug|x64.ActiveCfg = Debug|x64
		{92B11BE2-BC67-427A-9291-15111C9EE0C3}.Debug|x64.Build.0 = Debug|x64
		{92B11BE2-BC67-427A-9291-15111C9EE0C3}.Debug|x86.ActiveCfg = Debug|Win32
		{92B11BE2-BC67-427A-9291-15111C9EE0C3}.Debug|x86.Build.0 = Debug|Win32
		{92B11BE2-BC67-427A-9291-15111C9EE0C3}.Release|x64.ActiveCfg = Release|x64
		{92B11BE2-BC67-427A-9291-15111C9EE0C3}.Release|x64.Build.0 = Release|x64
		{92B11BE2-BC67-427A-9291-15111C9EE0C3}.Release|x86.ActiveCfg = Release|Win32
		{92B11BE2-BC67-427A-9291-15111C9EE0C3}.Release|x86.Build.0 = Release|Win32
		{55491D16-663D-45AF-96A8-05E454B979F6}.Debug|x64.ActiveCfg = Debug|x64
		{55491D16-663D-45AF-96A8-05E454B979F6}.Debug|x64.Build.0 = Debug|x64
		{55491D16-663D-45AF-96A8-05E454B979F6}.Debug|x86.ActiveCfg = Debug|Win32
		{55491D16-663D-45AF-96A8-05E454B979F6}.Debug|x86.Build.0 = Debug|Win32
		{55491D16-663D-45AF-96A8-05E454B979F6}.Release|x64.ActiveCfg = Release|x64
		{55491D16-663D-45AF-96A8-05E454B979F6}.Release|x64.Build.0 = Release|x64
		{55491D16-663D-45AF-96A8-05E454B979F6}.Release|x86.ActiveCfg = Release|Win32
		{55491D16-663D-45AF-96A8-05E454B979F6}.Release|x86.Build.0 = Release|Win32
		{9032E02F-1A13-4B45-869C-0EF8B86B3599}.Debug|x64.ActiveCfg = Debug|x64
		{9032E02F-1A13-4B45-869C-0EF8B86B3599}.Debug|x64.Build.0 = Debug|x64
		{9032E02F-1A13-4B45-869C-0EF8B86B3599}.Debug|x86.ActiveCfg = Debug|Win32
		{9032E02F-1A13-4B45-869C-0EF8B86B3599}.Debug|x86.Build.0 = Debug|Win32
		{9032E02F-1A13-4B45-869C-0EF8B86B3599}.Release|x64.ActiveCfg = Release|x64
		{9032E02F-1A13-4B45-869C-0EF8B86B3599}.Release|x64.Build.0 = Release|x64
		{9032E02F-1A13-4B45-869C-0EF8B86B3599}.Release|x86.ActiveCfg = Release|Win32
		{9032E02F-1A13-4B45-869C-0EF8B86B3599}.Release|x86.Build.0 = Release|Win32
		{BCAFB6B2-0914-4C31-A744-2472975B97BD}.Debug|x64.ActiveCfg = Debug|x64
		{BCAFB6B2-0914-4C31-A744-2472975B97BD}.Debug|x64.Build.0 = Debug|x64
		{BCAFB6B2-0914-4C31-A744-2472975B97BD}.Debug|x86.ActiveCfg = Debug|Win32
		{BCAFB6B2-0914-4C31-A744-2472975B97BD}.Debug|x86.Build.0 = Debug|Win32
		{BCAFB6B2-0914-4C31-A744-2472975B97BD}.Release|x64.ActiveCfg = Release|x64
		{BCAFB6B2-0914-4C31-A744-2472975B97BD}.Release|x64.Build.0 = Release|x64
		{BCAFB6B2-0914-4C31-A744-2472975B97BD}.Release|x86.ActiveCfg = Release|Win32
		{BCAFB6B2-0914-4C31-A744-2472975B97BD}.Release|x86.Build.0 = Release|Win32
		{0BDDF83B-F940-4140-8162-D124B4A8ADDE}.Debug|x64.ActiveCfg = Debug|x64
		{0BDDF83B-F940-4140-8162-D124B4A8ADDE}.Debug|x64.Build.0 = Debug|x64
		{0BDDF83B-F940-4140-8162-D124B4A8ADDE}.Debug|x86.ActiveCfg = Debug|Win32
		{0BDDF83B-F940-4140-8162-D124B4A8ADDE}.Debug|x86.Build.0 = Debug|Win32
		{0BDDF83B-F940-4140-8162-D124B4A8ADDE}.Release|x64.ActiveCfg = Release|x64
		{0BDDF83B-F940-4140-8162-D124B4A8ADDE}.Release|x64.Build.0 = Release|x64
		{0BDDF83B-F940-4140-8162-D124B4A8ADDE}.Release|x86.ActiveCfg = Release|Win32
		{0BDDF83B-F940-4140-8162-D124B4A8ADDE}.Release|x86.Build.0 = Release|Win32
		{4D4D979E-2A0C-4D31-A33C-B08AECE7655F}.Debug|x64.ActiveCfg = Debug|x64
		{4D4D979E-2A0C-4D31-A33C-B08AECE7655F}.Debug|x64.Build.0 = Debug|x64
		{4D4D979E-2A0C-4D31-A33C-B08AECE7655F}.Debug|x86.ActiveCfg = Debug|Win32
		{4D4D979E-2A0C-4D31-A33C-B08AECE7655F}.Debug|x86.Build.0 = Debug|Win32
		{4D4D979E-2A0C-4D31-A33C-B08AECE7655F}.Release|x64.ActiveCfg = Release|x64
		{4D4D979E-2A0C-4D31-A33C-B08AECE7655F}.Release|x64.Build.0 = Release|x64
		{4D4D979E-2A0C-4D31-A33C-B08AECE7655F}.Release|x86.ActiveCfg = Release|Win32
		{4D4D979E-2A0C-4D31-A33C-B08AECE7655F}.Release|x86.Build.0 = Release|Win32
		{D24922FD-FCDC-4801-A666-F29B12366FA3}.Debug|x64.ActiveCfg = Debug|x64
		{D24922FD-FCDC-4801-A666-F29B12366FA3}.Debug|x64.Build.0 = Debug|x64
		{D24922FD-FCDC-4801-A666-F29B12366FA3}.Debug|x86.ActiveCfg = Debug|Win32
		{D24922FD-FCDC-4801-A666-F29B12366FA3}.Debug|x86.Build.0 = Debug|Win32
		{D24922FD-FCDC-4801-A666-F29B12366FA3}.Release|x64.ActiveCfg = Release|x64
		{D24922FD-FCDC-4801-A666-F29B12366FA3}.Release|x64.Build.0 = Release|x64
		{D24922FD-FCDC-4801-A666-F29B12366FA3}.Release|x86.ActiveCfg = Release|Win32
		{D24922FD-FCDC-4801-A666-F29B12366FA3}.Release|x86.Build.0 = Release|Win32
		{3117E7FF-962D-4F0A-B998-426FF62D554E}.Debug|x64.ActiveCfg = Debug|x64
		{3117E7FF-962D-4F0A-B998-426FF62D554E}.Debug|x64.Build.0 = Debug|x64
		{3117E7FF-962D-4F0A-B998-426FF62D554E}.Debug|x86.ActiveCfg = Debug|Win32
		{3117E7FF-962D-4F0A-B998-426FF62D554E}.Debug|x86.Build.0 = Debug|Win32
		{3117E7FF-962D-4F0A-B998-426FF62D554E}.Release|x64.ActiveCfg = Release|x64
		{3117E7FF-962D-4F0A-B998-426FF62D554E}.Release|x64.Build.0 = Release|x64
		{3117E7FF-962D-4F0A-B998-426FF62D554E}.Release|x86.ActiveCfg = Release|Win32
		{3117E7FF-962D-4F0A-B998-426FF62D554E}.Release|x86.Build.0 = Release|Win32
	EndGlobalSection
	GlobalSection(SolutionProperties) = preSolution
		HideSolutionNode = FALSE
	EndGlobalSection
	GlobalSection(NestedProjects) = preSolution
		{A1CC8FFC-2210-4D5F-A709-4E96226316F2} = {800A6591-BDFD-4A01-8796-8F9DECAED02D}
		{B87B0B4F-7DA1-434F-BC38-1E6584B71394} = {800A6591-BDFD-4A01-8796-8F9DECAED02D}
		{AB28F6A8-A828-4A91-9FFE-089B6E1F7389} = {800A6591-BDFD-4A01-8796-8F9DECAED02D}
		{E30B3FAA-2F2F-47ED-B2A0-0BA824286037} = {12F5B778-5369-4E87-88B9-40AA0766B506}
		{272F51AF-D425-412D-AD17-C57DD9EC4985} = {800A6591-BDFD-4A01-8796-8F9DECAED02D}
		{3A825B7A-96A0-46D2-91CE-428DF6E7E484} = {DF4FE93F-5DAB-4E84-8C9D-0B986CAC05D5}
		{92B11BE2-BC67-427A-9291-15111C9EE0C3} = {DF4FE93F-5DAB-4E84-8C9D-0B986CAC05D5}
		{55491D16-663D-45AF-96A8-05E454B979F6} = {DF4FE93F-5DAB-4E84-8C9D-0B986CAC05D5}
		{9032E02F-1A13-4B45-869C-0EF8B86B3599} = {DF4FE93F-5DAB-4E84-8C9D-0B986CAC05D5}
		{BCAFB6B2-0914-4C31-A744-2472975B97BD} = {800A6591-BDFD-4A01-8796-8F9DECAED02D}
		{0BDDF83B-F940-4140-8162-D124B4A8ADDE} = {DF4FE93F-5DAB-4E84-8C9D-0B986CAC05D5}
		{4D4D979E-2A0C-4D31-A33C-B08AECE7655F} = {DF4FE93F-5DAB-4E84-8C9D-0B986CAC05D5}
		{D24922FD-FCDC-4801-A666-F29B12366FA3} = {DF4FE93F-5DAB-4E84-8C9D-0B986CAC05D5}
		{3117E7FF-962D-4F0A-B998-426FF62D554E} = {0FAFA64B-6881-4402-B7F6-86F42EBBED1F}
	EndGlobalSection
	GlobalSection(ExtensibilityGlobals) = postSolution
		SolutionGuid = {B5E617B9-1EDD-4228-A5A9-D4AA2227C5C6}
	EndGlobalSection
EndGlobal
