<?xml version="1.0" encoding="utf-8"?>
<Project ToolsVersion="4.0" xmlns="http://schemas.microsoft.com/developer/msbuild/2003">
  <ItemGroup>
    <Filter Include="Common">
      <UniqueIdentifier>{93995380-89BD-4b04-88EB-625FBE52EBFB}</UniqueIdentifier>
      <Extensions>h;hh;hpp;hxx;h++;hm;inl;inc;ipp;xsd</Extensions>
    </Filter>
    <Filter Include="Resource">
      <UniqueIdentifier>{67DA6AB6-F800-4c08-8B7A-83BB121AAD01}</UniqueIdentifier>
      <Extensions>rc;ico;cur;bmp;dlg;rc2;rct;bin;rgs;gif;jpg;jpeg;jpe;resx;tiff;tif;png;wav;mfcribbon-ms</Extensions>
    </Filter>
    <Filter Include="Window">
      <UniqueIdentifier>{4FC737F1-C7A5-4376-A066-2A32D752A2FF}</UniqueIdentifier>
      <Extensions>cpp;c;cc;cxx;c++;cppm;ixx;def;odl;idl;hpj;bat;asm;asmx</Extensions>
    </Filter>
    <Filter Include="Common\Base">
      <UniqueIdentifier>{802d79ce-cc1d-4246-b778-7e6f34fb8171}</UniqueIdentifier>
    </Filter>
    <Filter Include="Common\File">
      <UniqueIdentifier>{8a1c8cee-1e63-4320-bc1d-c1abc021b852}</UniqueIdentifier>
    </Filter>
    <Filter Include="Common\Video">
      <UniqueIdentifier>{a8fb2f4c-4e52-41dc-b322-f95ce33f858f}</UniqueIdentifier>
    </Filter>
  </ItemGroup>
  <ItemGroup>
    <ClCompile Include="main.cpp" />
    <ClCompile Include="..\..\Common\Base\DBuffer.cpp">
      <Filter>Common\Base</Filter>
    </ClCompile>
    <ClCompile Include="..\..\Common\Base\DFile.cpp">
      <Filter>Common\Base</Filter>
    </ClCompile>
    <ClCompile Include="..\..\Common\Base\DTimer.cpp">
      <Filter>Common\Base</Filter>
    </ClCompile>
    <ClCompile Include="..\..\Common\Base\DXP.cpp">
      <Filter>Common\Base</Filter>
    </ClCompile>
    <ClCompile Include="..\..\Common\File\DBmpFile.cpp">
      <Filter>Common\File</Filter>
    </ClCompile>
    <ClCompile Include="..\..\Common\Video\DVideoFrame.cpp">
      <Filter>Common\Video</Filter>
    </ClCompile>
    <ClCompile Include="..\..\Common\Video\DVideoFormat.cpp">
      <Filter>Common\Video</Filter>
    </ClCompile>
    <ClCompile Include="..\..\Common\Video\DVideoI420.cpp">
      <Filter>Common\Video</Filter>
    </ClCompile>
    <ClCompile Include="..\..\Common\Video\DVideoColor.cpp">
      <Filter>Common\Video</Filter>
    </ClCompile>
  </ItemGroup>
  <ItemGroup>
    <ClInclude Include="MainDlg.h">
      <Filter>Window</Filter>
    </ClInclude>
    <ClInclude Include="resource.h">
      <Filter>Resource</Filter>
    </ClInclude>
    <ClInclude Include="..\..\Common\Base\DAtomic.h">
      <Filter>Common\Base</Filter>
    </ClInclude>
    <ClInclude Include="..\..\Common\Base\DBuffer.h">
      <Filter>Common\Base</Filter>
    </ClInclude>
    <ClInclude Include="..\..\Common\Base\DFile.h">
      <Filter>Common\Base</Filter>
    </ClInclude>
    <ClInclude Include="..\..\Common\Base\DTimer.h">
      <Filter>Common\Base</Filter>
    </ClInclude>
    <ClInclude Include="..\..\Common\Base\DXP.h">
      <Filter>Common\Base</Filter>
    </ClInclude>
    <ClInclude Include="..\..\Common\File\DBmpFile.h">
      <Filter>Common\File</Filter>
    </ClInclude>
    <ClInclude Include="..\..\Common\Video\DVideoFrame.h">
      <Filter>Common\Video</Filter>
    </ClInclude>
    <ClInclude Include="..\..\Common\Video\DVideoFormat.h">
      <Filter>Common\Video</Filter>
    </ClInclude>
    <ClInclude Include="..\..\Common\Video\DVideoI420.h">
      <Filter>Common\Video</Filter>
    </ClInclude>
    <ClInclude Include="..\..\Common\Video\DVideoColor.h">
      <Filter>Common\Video</Filter>
    </ClInclude>
  </ItemGroup>
  <ItemGroup>
    <ResourceCompile Include="02_Render_win.rc">
      <Filter>Resource</Filter>
    </ResourceCompile>
  </ItemGroup>
</Project>