<?xml version="1.0" encoding="utf-8"?>
<Project ToolsVersion="Current" xmlns="http://schemas.microsoft.com/developer/msbuild/2003">
  <ItemGroup>
    <ClCompile Include="main.cpp" />
    <ClCompile Include="..\..\Common\Base\DUTF8.cpp">
      <Filter>Common\Base</Filter>
    </ClCompile>
    <ClCompile Include="..\..\Common\Base\DXP.cpp">
      <Filter>Common\Base</Filter>
    </ClCompile>
    <ClCompile Include="..\..\Common\Base\DBuffer.cpp">
      <Filter>Common\Base</Filter>
    </ClCompile>
    <ClCompile Include="..\..\Common\Base\DFile.cpp">
      <Filter>Common\Base</Filter>
    </ClCompile>
    <ClCompile Include="..\..\Common\COMBridge\WinDS.cpp">
      <Filter>Common\COMBridge</Filter>
    </ClCompile>
    <ClCompile Include="..\..\Common\COMBridge\WinDSCamera.cpp">
      <Filter>Common\COMBridge</Filter>
    </ClCompile>
    <ClCompile Include="..\..\Common\File\DBmpFile.cpp">
      <Filter>Common\File</Filter>
    </ClCompile>
  </ItemGroup>
  <ItemGroup>
    <ClInclude Include="..\..\Common\Base\DUTF8.h">
      <Filter>Common\Base</Filter>
    </ClInclude>
    <ClInclude Include="MainDlg.h">
      <Filter>Window</Filter>
    </ClInclude>
    <ClInclude Include="resource.h">
      <Filter>Resource</Filter>
    </ClInclude>
    <ClInclude Include="..\..\Common\Base\DXP.h">
      <Filter>Common\Base</Filter>
    </ClInclude>
    <ClInclude Include="..\..\Common\Base\DBuffer.h">
      <Filter>Common\Base</Filter>
    </ClInclude>
    <ClInclude Include="..\..\Common\Base\DFile.h">
      <Filter>Common\Base</Filter>
    </ClInclude>
    <ClInclude Include="..\..\Common\Video\DVideoDefines.h" />
    <ClInclude Include="..\..\Common\COMBridge\WinDS.h">
      <Filter>Common\COMBridge</Filter>
    </ClInclude>
    <ClInclude Include="..\..\Common\COMBridge\WinDSCamera.h">
      <Filter>Common\COMBridge</Filter>
    </ClInclude>
    <ClInclude Include="..\..\Common\File\DBmpFile.h">
      <Filter>Common\File</Filter>
    </ClInclude>
  </ItemGroup>
  <ItemGroup>
    <Filter Include="Common">
      <UniqueIdentifier>{4bd355b0-92e2-416a-abe6-1fee05b62ffd}</UniqueIdentifier>
    </Filter>
    <Filter Include="Resource">
      <UniqueIdentifier>{5ca7e566-6a39-4eaf-b329-bfa894b88a09}</UniqueIdentifier>
    </Filter>
    <Filter Include="Window">
      <UniqueIdentifier>{2d66bd89-4c3e-4d95-88e1-a694efb415a1}</UniqueIdentifier>
    </Filter>
    <Filter Include="Common\Base">
      <UniqueIdentifier>{589eed99-69fe-4a59-be3e-480ff3aa17e8}</UniqueIdentifier>
    </Filter>
    <Filter Include="Common\COMBridge">
      <UniqueIdentifier>{bc5308c4-c6fa-41e8-bddf-fa81c59ffbb8}</UniqueIdentifier>
    </Filter>
    <Filter Include="Common\File">
      <UniqueIdentifier>{883048ec-c030-4faa-bd98-010509eb8303}</UniqueIdentifier>
    </Filter>
  </ItemGroup>
  <ItemGroup>
    <ResourceCompile Include="CaptureDevice.rc">
      <Filter>Resource</Filter>
    </ResourceCompile>
  </ItemGroup>
</Project>