<?xml version="1.0" encoding="utf-8"?>
<Project ToolsVersion="4.0" xmlns="http://schemas.microsoft.com/developer/msbuild/2003">
  <ItemGroup>
    <Filter Include="Common">
      <UniqueIdentifier>{55b24050-0799-4d47-b53b-ea804dbf9bc6}</UniqueIdentifier>
    </Filter>
    <Filter Include="Common\Base">
      <UniqueIdentifier>{85bf12a8-310b-44b0-b7a3-8b673d989ebb}</UniqueIdentifier>
    </Filter>
  </ItemGroup>
  <ItemGroup>
    <ClCompile Include="..\..\Common\Base\DTime.cpp">
      <Filter>Common\Base</Filter>
    </ClCompile>
    <ClCompile Include="main.cpp" />
  </ItemGroup>
  <ItemGroup>
    <ClInclude Include="..\..\Common\Base\DTime.h">
      <Filter>Common\Base</Filter>
    </ClInclude>
  </ItemGroup>
</Project>