<?xml version="1.0" encoding="utf-8"?>
<Project ToolsVersion="4.0" xmlns="http://schemas.microsoft.com/developer/msbuild/2003">
  <ItemGroup>
    <Filter Include="Dialog">
      <UniqueIdentifier>{4FC737F1-C7A5-4376-A066-2A32D752A2FF}</UniqueIdentifier>
      <Extensions>cpp;c;cc;cxx;c++;cppm;ixx;def;odl;idl;hpj;bat;asm;asmx</Extensions>
    </Filter>
    <Filter Include="Resource">
      <UniqueIdentifier>{67DA6AB6-F800-4c08-8B7A-83BB121AAD01}</UniqueIdentifier>
      <Extensions>rc;ico;cur;bmp;dlg;rc2;rct;bin;rgs;gif;jpg;jpeg;jpe;resx;tiff;tif;png;wav;mfcribbon-ms</Extensions>
    </Filter>
    <Filter Include="Common">
      <UniqueIdentifier>{93995380-89BD-4b04-88EB-625FBE52EBFB}</UniqueIdentifier>
      <Extensions>h;hh;hpp;hxx;h++;hm;inl;inc;ipp;xsd</Extensions>
    </Filter>
    <Filter Include="Common\Base">
      <UniqueIdentifier>{ad5a3ce8-ef17-4f0a-ba1c-fe14f67b03e1}</UniqueIdentifier>
    </Filter>
    <Filter Include="Common\Net">
      <UniqueIdentifier>{a1086811-bd02-4826-942e-2588822469f5}</UniqueIdentifier>
    </Filter>
  </ItemGroup>
  <ItemGroup>
    <ClInclude Include="..\..\Common\Base\DAtomic.h">
      <Filter>Common\Base</Filter>
    </ClInclude>
    <ClInclude Include="..\..\Common\Base\DBuffer.h">
      <Filter>Common\Base</Filter>
    </ClInclude>
    <ClInclude Include="..\..\Common\Base\DUtil.h">
      <Filter>Common\Base</Filter>
    </ClInclude>
    <ClInclude Include="..\..\Common\Net\DNet.h">
      <Filter>Common\Net</Filter>
    </ClInclude>
    <ClInclude Include="resource.h">
      <Filter>Resource</Filter>
    </ClInclude>
    <ClInclude Include="MainDlg.h">
      <Filter>Dialog</Filter>
    </ClInclude>
    <ClInclude Include="..\..\Common\Net\DTCPClient.h">
      <Filter>Common\Net</Filter>
    </ClInclude>
    <ClInclude Include="..\..\Common\Base\DMsgQueue.h">
      <Filter>Common</Filter>
    </ClInclude>
  </ItemGroup>
  <ItemGroup>
    <ClCompile Include="..\..\Common\Base\DBuffer.cpp">
      <Filter>Common\Base</Filter>
    </ClCompile>
    <ClCompile Include="..\..\Common\Base\DUtil.cpp">
      <Filter>Common\Base</Filter>
    </ClCompile>
    <ClCompile Include="..\..\Common\Net\DNet.cpp">
      <Filter>Common\Net</Filter>
    </ClCompile>
    <ClCompile Include="main.cpp" />
    <ClCompile Include="..\..\Common\Net\DTCPClient.cpp">
      <Filter>Common\Net</Filter>
    </ClCompile>
    <ClCompile Include="..\..\Common\Base\DMsgQueue.cpp">
      <Filter>Dialog</Filter>
    </ClCompile>
  </ItemGroup>
  <ItemGroup>
    <ResourceCompile Include="HelloRTC_Win.rc">
      <Filter>Resource</Filter>
    </ResourceCompile>
  </ItemGroup>
</Project>