<?xml version="1.0" encoding="utf-8"?>
<Project ToolsVersion="4.0" xmlns="http://schemas.microsoft.com/developer/msbuild/2003">
  <ItemGroup>
    <Filter Include="Window">
      <UniqueIdentifier>{67DA6AB6-F800-4c08-8B7A-83BB121AAD01}</UniqueIdentifier>
      <Extensions>rc;ico;cur;bmp;dlg;rc2;rct;bin;rgs;gif;jpg;jpeg;jpe;resx;tiff;tif;png;wav;mfcribbon-ms</Extensions>
    </Filter>
    <Filter Include="Resource">
      <UniqueIdentifier>{4FC737F1-C7A5-4376-A066-2A32D752A2FF}</UniqueIdentifier>
      <Extensions>cpp;c;cc;cxx;def;odl;idl;hpj;bat;asm;asmx</Extensions>
    </Filter>
    <Filter Include="Common">
      <UniqueIdentifier>{93995380-89BD-4b04-88EB-625FBE52EBFB}</UniqueIdentifier>
      <Extensions>h;hh;hpp;hxx;hm;inl;inc;ipp;xsd</Extensions>
    </Filter>
    <Filter Include="Common\Base">
      <UniqueIdentifier>{766a4c9a-c894-43ab-bff7-7b25e385dd50}</UniqueIdentifier>
    </Filter>
  </ItemGroup>
  <ItemGroup>
    <ClInclude Include="MainDlg.h">
      <Filter>Window</Filter>
    </ClInclude>
    <ClInclude Include="resource.h">
      <Filter>Resource</Filter>
    </ClInclude>
    <ClInclude Include="..\..\Common\DConfig.h">
      <Filter>Common</Filter>
    </ClInclude>
    <ClInclude Include="..\..\Common\DConfig_iOS.h">
      <Filter>Common</Filter>
    </ClInclude>
    <ClInclude Include="..\..\Common\DConfig_Win.h">
      <Filter>Common</Filter>
    </ClInclude>
    <ClInclude Include="..\..\Common\DTypes.h">
      <Filter>Common</Filter>
    </ClInclude>
    <ClInclude Include="..\..\Common\Base\DAtomic.h">
      <Filter>Common\Base</Filter>
    </ClInclude>
    <ClInclude Include="..\..\Common\Base\DBuffer.h">
      <Filter>Common\Base</Filter>
    </ClInclude>
    <ClInclude Include="..\..\Common\Base\DUtil.h">
      <Filter>Common\Base</Filter>
    </ClInclude>
    <ClInclude Include="..\..\Common\Base\DFile.h">
      <Filter>Common\Base</Filter>
    </ClInclude>
  </ItemGroup>
  <ItemGroup>
    <ClCompile Include="main.cpp" />
    <ClCompile Include="..\..\Common\Base\DBuffer.cpp">
      <Filter>Common\Base</Filter>
    </ClCompile>
    <ClCompile Include="..\..\Common\Base\DUtil.cpp">
      <Filter>Common\Base</Filter>
    </ClCompile>
    <ClCompile Include="..\..\Common\Base\DFile.cpp">
      <Filter>Common\Base</Filter>
    </ClCompile>
  </ItemGroup>
  <ItemGroup>
    <ResourceCompile Include="BufferViewer.rc">
      <Filter>Resource</Filter>
    </ResourceCompile>
  </ItemGroup>
  <ItemGroup>
    <Image Include="res\icon.ico">
      <Filter>Resource</Filter>
    </Image>
  </ItemGroup>
</Project>