// !$*UTF8*$!
{
	archiveVersion = 1;
	classes = {
	};
	objectVersion = 55;
	objects = {

/* Begin PBXBuildFile section */
		2B2E117E29933D2F00705056 /* AppDelegate.m in Sources */ = {isa = PBXBuildFile; fileRef = 2B2E117D29933D2F00705056 /* AppDelegate.m */; };
		2B2E118129933D2F00705056 /* ViewController.m in Sources */ = {isa = PBXBuildFile; fileRef = 2B2E118029933D2F00705056 /* ViewController.m */; };
		2B2E118329933D3100705056 /* Assets.xcassets in Resources */ = {isa = PBXBuildFile; fileRef = 2B2E118229933D3100705056 /* Assets.xcassets */; };
		2B2E118629933D3100705056 /* Main.storyboard in Resources */ = {isa = PBXBuildFile; fileRef = 2B2E118429933D3100705056 /* Main.storyboard */; };
		2B2E118829933D3100705056 /* main.m in Sources */ = {isa = PBXBuildFile; fileRef = 2B2E118729933D3100705056 /* main.m */; };
		2B2E119129933D9F00705056 /* OpenGL.framework in Frameworks */ = {isa = PBXBuildFile; fileRef = 2B2E119029933D9F00705056 /* OpenGL.framework */; };
		2B2E119429933DC100705056 /* DMacRender.mm in Sources */ = {isa = PBXBuildFile; fileRef = 2B2E119229933DC100705056 /* DMacRender.mm */; };
		2B2E119629933E9100705056 /* AppKit.framework in Frameworks */ = {isa = PBXBuildFile; fileRef = 2B2E119529933E9100705056 /* AppKit.framework */; };
		2B2E119B29934D9B00705056 /* CoreVideo.framework in Frameworks */ = {isa = PBXBuildFile; fileRef = 2B2E119A29934D9B00705056 /* CoreVideo.framework */; };
		2B2E119E2993537300705056 /* MacOCCamera.mm in Sources */ = {isa = PBXBuildFile; fileRef = 2B2E119D2993537300705056 /* MacOCCamera.mm */; };
		2B2E11A0299353EF00705056 /* AVFoundation.framework in Frameworks */ = {isa = PBXBuildFile; fileRef = 2B2E119F299353EF00705056 /* AVFoundation.framework */; };
		2B2E11A22993540300705056 /* CoreMedia.framework in Frameworks */ = {isa = PBXBuildFile; fileRef = 2B2E11A12993540300705056 /* CoreMedia.framework */; };
		2B2E11A52993628700705056 /* MacGLView.m in Sources */ = {isa = PBXBuildFile; fileRef = 2B2E11A42993628700705056 /* MacGLView.m */; };
		2B2E11B1299393CD00705056 /* DFile.cpp in Sources */ = {isa = PBXBuildFile; fileRef = 2B2E11AB299393CD00705056 /* DFile.cpp */; };
		2B2E11B2299393CD00705056 /* DBuffer.cpp in Sources */ = {isa = PBXBuildFile; fileRef = 2B2E11AE299393CD00705056 /* DBuffer.cpp */; };
		2B2E11B3299393CD00705056 /* DXP.cpp in Sources */ = {isa = PBXBuildFile; fileRef = 2B2E11B0299393CD00705056 /* DXP.cpp */; };
		2B2E11B6299393E800705056 /* DBmpFile.cpp in Sources */ = {isa = PBXBuildFile; fileRef = 2B2E11B4299393E800705056 /* DBmpFile.cpp */; };
		2B2E11C22993941100705056 /* DVideoColor.cpp in Sources */ = {isa = PBXBuildFile; fileRef = 2B2E11B82993941000705056 /* DVideoColor.cpp */; };
		2B2E11C32993941100705056 /* DVideoFormat.cpp in Sources */ = {isa = PBXBuildFile; fileRef = 2B2E11B92993941000705056 /* DVideoFormat.cpp */; };
		2B2E11C42993941100705056 /* DVideoFrame.cpp in Sources */ = {isa = PBXBuildFile; fileRef = 2B2E11BD2993941100705056 /* DVideoFrame.cpp */; };
		2B2E11C52993941100705056 /* DVideoI420.cpp in Sources */ = {isa = PBXBuildFile; fileRef = 2B2E11BF2993941100705056 /* DVideoI420.cpp */; };
		2B2E11C62993941100705056 /* DRenderQueue.cc in Sources */ = {isa = PBXBuildFile; fileRef = 2B2E11C12993941100705056 /* DRenderQueue.cc */; };
/* End PBXBuildFile section */

/* Begin PBXFileReference section */
		2B2E117929933D2F00705056 /* 02_Render_mac.app */ = {isa = PBXFileReference; explicitFileType = wrapper.application; includeInIndex = 0; path = 02_Render_mac.app; sourceTree = BUILT_PRODUCTS_DIR; };
		2B2E117C29933D2F00705056 /* AppDelegate.h */ = {isa = PBXFileReference; lastKnownFileType = sourcecode.c.h; path = AppDelegate.h; sourceTree = "<group>"; };
		2B2E117D29933D2F00705056 /* AppDelegate.m */ = {isa = PBXFileReference; lastKnownFileType = sourcecode.c.objc; path = AppDelegate.m; sourceTree = "<group>"; };
		2B2E117F29933D2F00705056 /* ViewController.h */ = {isa = PBXFileReference; lastKnownFileType = sourcecode.c.h; path = ViewController.h; sourceTree = "<group>"; };
		2B2E118029933D2F00705056 /* ViewController.m */ = {isa = PBXFileReference; lastKnownFileType = sourcecode.c.objc; path = ViewController.m; sourceTree = "<group>"; };
		2B2E118229933D3100705056 /* Assets.xcassets */ = {isa = PBXFileReference; lastKnownFileType = folder.assetcatalog; path = Assets.xcassets; sourceTree = "<group>"; };
		2B2E118529933D3100705056 /* Base */ = {isa = PBXFileReference; lastKnownFileType = file.storyboard; name = Base; path = Base.lproj/Main.storyboard; sourceTree = "<group>"; };
		2B2E118729933D3100705056 /* main.m */ = {isa = PBXFileReference; lastKnownFileType = sourcecode.c.objc; path = main.m; sourceTree = "<group>"; };
		2B2E118929933D3100705056 /* _2_Render_mac.entitlements */ = {isa = PBXFileReference; lastKnownFileType = text.plist.entitlements; path = _2_Render_mac.entitlements; sourceTree = "<group>"; };
		2B2E119029933D9F00705056 /* OpenGL.framework */ = {isa = PBXFileReference; lastKnownFileType = wrapper.framework; name = OpenGL.framework; path = System/Library/Frameworks/OpenGL.framework; sourceTree = SDKROOT; };
		2B2E119229933DC100705056 /* DMacRender.mm */ = {isa = PBXFileReference; fileEncoding = 4; lastKnownFileType = sourcecode.cpp.objcpp; path = DMacRender.mm; sourceTree = "<group>"; };
		2B2E119329933DC100705056 /* DMacRender.h */ = {isa = PBXFileReference; fileEncoding = 4; lastKnownFileType = sourcecode.c.h; path = DMacRender.h; sourceTree = "<group>"; };
		2B2E119529933E9100705056 /* AppKit.framework */ = {isa = PBXFileReference; lastKnownFileType = wrapper.framework; name = AppKit.framework; path = System/Library/Frameworks/AppKit.framework; sourceTree = SDKROOT; };
		2B2E119A29934D9B00705056 /* CoreVideo.framework */ = {isa = PBXFileReference; lastKnownFileType = wrapper.framework; name = CoreVideo.framework; path = System/Library/Frameworks/CoreVideo.framework; sourceTree = SDKROOT; };
		2B2E119C2993537300705056 /* MacOCCamera.h */ = {isa = PBXFileReference; fileEncoding = 4; lastKnownFileType = sourcecode.c.h; path = MacOCCamera.h; sourceTree = "<group>"; };
		2B2E119D2993537300705056 /* MacOCCamera.mm */ = {isa = PBXFileReference; fileEncoding = 4; lastKnownFileType = sourcecode.cpp.objcpp; path = MacOCCamera.mm; sourceTree = "<group>"; };
		2B2E119F299353EF00705056 /* AVFoundation.framework */ = {isa = PBXFileReference; lastKnownFileType = wrapper.framework; name = AVFoundation.framework; path = System/Library/Frameworks/AVFoundation.framework; sourceTree = SDKROOT; };
		2B2E11A12993540300705056 /* CoreMedia.framework */ = {isa = PBXFileReference; lastKnownFileType = wrapper.framework; name = CoreMedia.framework; path = System/Library/Frameworks/CoreMedia.framework; sourceTree = SDKROOT; };
		2B2E11A32993628700705056 /* MacGLView.h */ = {isa = PBXFileReference; fileEncoding = 4; lastKnownFileType = sourcecode.c.h; path = MacGLView.h; sourceTree = "<group>"; };
		2B2E11A42993628700705056 /* MacGLView.m */ = {isa = PBXFileReference; fileEncoding = 4; lastKnownFileType = sourcecode.c.objc; path = MacGLView.m; sourceTree = "<group>"; };
		2B2E11AA299393CD00705056 /* DFile.h */ = {isa = PBXFileReference; fileEncoding = 4; lastKnownFileType = sourcecode.c.h; name = DFile.h; path = ../../../Common/Base/DFile.h; sourceTree = "<group>"; };
		2B2E11AB299393CD00705056 /* DFile.cpp */ = {isa = PBXFileReference; fileEncoding = 4; lastKnownFileType = sourcecode.cpp.cpp; name = DFile.cpp; path = ../../../Common/Base/DFile.cpp; sourceTree = "<group>"; };
		2B2E11AC299393CD00705056 /* DAtomic.h */ = {isa = PBXFileReference; fileEncoding = 4; lastKnownFileType = sourcecode.c.h; name = DAtomic.h; path = ../../../Common/Base/DAtomic.h; sourceTree = "<group>"; };
		2B2E11AD299393CD00705056 /* DXP.h */ = {isa = PBXFileReference; fileEncoding = 4; lastKnownFileType = sourcecode.c.h; name = DXP.h; path = ../../../Common/Base/DXP.h; sourceTree = "<group>"; };
		2B2E11AE299393CD00705056 /* DBuffer.cpp */ = {isa = PBXFileReference; fileEncoding = 4; lastKnownFileType = sourcecode.cpp.cpp; name = DBuffer.cpp; path = ../../../Common/Base/DBuffer.cpp; sourceTree = "<group>"; };
		2B2E11AF299393CD00705056 /* DBuffer.h */ = {isa = PBXFileReference; fileEncoding = 4; lastKnownFileType = sourcecode.c.h; name = DBuffer.h; path = ../../../Common/Base/DBuffer.h; sourceTree = "<group>"; };
		2B2E11B0299393CD00705056 /* DXP.cpp */ = {isa = PBXFileReference; fileEncoding = 4; lastKnownFileType = sourcecode.cpp.cpp; name = DXP.cpp; path = ../../../Common/Base/DXP.cpp; sourceTree = "<group>"; };
		2B2E11B4299393E800705056 /* DBmpFile.cpp */ = {isa = PBXFileReference; fileEncoding = 4; lastKnownFileType = sourcecode.cpp.cpp; name = DBmpFile.cpp; path = ../../../Common/File/DBmpFile.cpp; sourceTree = "<group>"; };
		2B2E11B5299393E800705056 /* DBmpFile.h */ = {isa = PBXFileReference; fileEncoding = 4; lastKnownFileType = sourcecode.c.h; name = DBmpFile.h; path = ../../../Common/File/DBmpFile.h; sourceTree = "<group>"; };
		2B2E11B72993941000705056 /* DVideoColor.h */ = {isa = PBXFileReference; fileEncoding = 4; lastKnownFileType = sourcecode.c.h; name = DVideoColor.h; path = ../../../Common/Video/DVideoColor.h; sourceTree = "<group>"; };
		2B2E11B82993941000705056 /* DVideoColor.cpp */ = {isa = PBXFileReference; fileEncoding = 4; lastKnownFileType = sourcecode.cpp.cpp; name = DVideoColor.cpp; path = ../../../Common/Video/DVideoColor.cpp; sourceTree = "<group>"; };
		2B2E11B92993941000705056 /* DVideoFormat.cpp */ = {isa = PBXFileReference; fileEncoding = 4; lastKnownFileType = sourcecode.cpp.cpp; name = DVideoFormat.cpp; path = ../../../Common/Video/DVideoFormat.cpp; sourceTree = "<group>"; };
		2B2E11BA2993941100705056 /* DVideoDefines.h */ = {isa = PBXFileReference; fileEncoding = 4; lastKnownFileType = sourcecode.c.h; name = DVideoDefines.h; path = ../../../Common/Video/DVideoDefines.h; sourceTree = "<group>"; };
		2B2E11BB2993941100705056 /* DRenderQueue.h */ = {isa = PBXFileReference; fileEncoding = 4; lastKnownFileType = sourcecode.c.h; name = DRenderQueue.h; path = ../../../Common/Video/DRenderQueue.h; sourceTree = "<group>"; };
		2B2E11BC2993941100705056 /* DVideoFormat.h */ = {isa = PBXFileReference; fileEncoding = 4; lastKnownFileType = sourcecode.c.h; name = DVideoFormat.h; path = ../../../Common/Video/DVideoFormat.h; sourceTree = "<group>"; };
		2B2E11BD2993941100705056 /* DVideoFrame.cpp */ = {isa = PBXFileReference; fileEncoding = 4; lastKnownFileType = sourcecode.cpp.cpp; name = DVideoFrame.cpp; path = ../../../Common/Video/DVideoFrame.cpp; sourceTree = "<group>"; };
		2B2E11BE2993941100705056 /* DVideoFrame.h */ = {isa = PBXFileReference; fileEncoding = 4; lastKnownFileType = sourcecode.c.h; name = DVideoFrame.h; path = ../../../Common/Video/DVideoFrame.h; sourceTree = "<group>"; };
		2B2E11BF2993941100705056 /* DVideoI420.cpp */ = {isa = PBXFileReference; fileEncoding = 4; lastKnownFileType = sourcecode.cpp.cpp; name = DVideoI420.cpp; path = ../../../Common/Video/DVideoI420.cpp; sourceTree = "<group>"; };
		2B2E11C02993941100705056 /* DVideoI420.h */ = {isa = PBXFileReference; fileEncoding = 4; lastKnownFileType = sourcecode.c.h; name = DVideoI420.h; path = ../../../Common/Video/DVideoI420.h; sourceTree = "<group>"; };
		2B2E11C12993941100705056 /* DRenderQueue.cc */ = {isa = PBXFileReference; fileEncoding = 4; lastKnownFileType = sourcecode.cpp.cpp; name = DRenderQueue.cc; path = ../../../Common/Video/DRenderQueue.cc; sourceTree = "<group>"; };
		2B2E11C7299394B400705056 /* DConfig.h */ = {isa = PBXFileReference; fileEncoding = 4; lastKnownFileType = sourcecode.c.h; name = DConfig.h; path = ../../../Common/DConfig.h; sourceTree = "<group>"; };
		2B2E11C8299394B400705056 /* DTypes.h */ = {isa = PBXFileReference; fileEncoding = 4; lastKnownFileType = sourcecode.c.h; name = DTypes.h; path = ../../../Common/DTypes.h; sourceTree = "<group>"; };
		2B2E11C9299394B400705056 /* DConfig_Mac.h */ = {isa = PBXFileReference; fileEncoding = 4; lastKnownFileType = sourcecode.c.h; name = DConfig_Mac.h; path = ../../../Common/DConfig_Mac.h; sourceTree = "<group>"; };
/* End PBXFileReference section */

/* Begin PBXFrameworksBuildPhase section */
		2B2E117629933D2F00705056 /* Frameworks */ = {
			isa = PBXFrameworksBuildPhase;
			buildActionMask = 2147483647;
			files = (
				2B2E11A22993540300705056 /* CoreMedia.framework in Frameworks */,
				2B2E11A0299353EF00705056 /* AVFoundation.framework in Frameworks */,
				2B2E119B29934D9B00705056 /* CoreVideo.framework in Frameworks */,
				2B2E119629933E9100705056 /* AppKit.framework in Frameworks */,
				2B2E119129933D9F00705056 /* OpenGL.framework in Frameworks */,
			);
			runOnlyForDeploymentPostprocessing = 0;
		};
/* End PBXFrameworksBuildPhase section */

/* Begin PBXGroup section */
		2B2E117029933D2F00705056 = {
			isa = PBXGroup;
			children = (
				2B2E117B29933D2F00705056 /* 02_Render_mac */,
				2B2E117A29933D2F00705056 /* Products */,
				2B2E118F29933D9F00705056 /* Frameworks */,
			);
			sourceTree = "<group>";
		};
		2B2E117A29933D2F00705056 /* Products */ = {
			isa = PBXGroup;
			children = (
				2B2E117929933D2F00705056 /* 02_Render_mac.app */,
			);
			name = Products;
			sourceTree = "<group>";
		};
		2B2E117B29933D2F00705056 /* 02_Render_mac */ = {
			isa = PBXGroup;
			children = (
				2B2E11A6299393A000705056 /* Common */,
				2B2E11A32993628700705056 /* MacGLView.h */,
				2B2E11A42993628700705056 /* MacGLView.m */,
				2B2E119C2993537300705056 /* MacOCCamera.h */,
				2B2E119D2993537300705056 /* MacOCCamera.mm */,
				2B2E119229933DC100705056 /* DMacRender.mm */,
				2B2E119329933DC100705056 /* DMacRender.h */,
				2B2E117C29933D2F00705056 /* AppDelegate.h */,
				2B2E117D29933D2F00705056 /* AppDelegate.m */,
				2B2E117F29933D2F00705056 /* ViewController.h */,
				2B2E118029933D2F00705056 /* ViewController.m */,
				2B2E118229933D3100705056 /* Assets.xcassets */,
				2B2E118429933D3100705056 /* Main.storyboard */,
				2B2E118729933D3100705056 /* main.m */,
				2B2E118929933D3100705056 /* _2_Render_mac.entitlements */,
			);
			path = 02_Render_mac;
			sourceTree = "<group>";
		};
		2B2E118F29933D9F00705056 /* Frameworks */ = {
			isa = PBXGroup;
			children = (
				2B2E11A12993540300705056 /* CoreMedia.framework */,
				2B2E119F299353EF00705056 /* AVFoundation.framework */,
				2B2E119A29934D9B00705056 /* CoreVideo.framework */,
				2B2E119529933E9100705056 /* AppKit.framework */,
				2B2E119029933D9F00705056 /* OpenGL.framework */,
			);
			name = Frameworks;
			sourceTree = "<group>";
		};
		2B2E11A6299393A000705056 /* Common */ = {
			isa = PBXGroup;
			children = (
				2B2E11C9299394B400705056 /* DConfig_Mac.h */,
				2B2E11C7299394B400705056 /* DConfig.h */,
				2B2E11C8299394B400705056 /* DTypes.h */,
				2B2E11A9299393B100705056 /* Video */,
				2B2E11A8299393AD00705056 /* File */,
				2B2E11A7299393A800705056 /* Base */,
			);
			name = Common;
			sourceTree = "<group>";
		};
		2B2E11A7299393A800705056 /* Base */ = {
			isa = PBXGroup;
			children = (
				2B2E11AC299393CD00705056 /* DAtomic.h */,
				2B2E11AE299393CD00705056 /* DBuffer.cpp */,
				2B2E11AF299393CD00705056 /* DBuffer.h */,
				2B2E11AB299393CD00705056 /* DFile.cpp */,
				2B2E11AA299393CD00705056 /* DFile.h */,
				2B2E11B0299393CD00705056 /* DXP.cpp */,
				2B2E11AD299393CD00705056 /* DXP.h */,
			);
			name = Base;
			sourceTree = "<group>";
		};
		2B2E11A8299393AD00705056 /* File */ = {
			isa = PBXGroup;
			children = (
				2B2E11B4299393E800705056 /* DBmpFile.cpp */,
				2B2E11B5299393E800705056 /* DBmpFile.h */,
			);
			name = File;
			sourceTree = "<group>";
		};
		2B2E11A9299393B100705056 /* Video */ = {
			isa = PBXGroup;
			children = (
				2B2E11C12993941100705056 /* DRenderQueue.cc */,
				2B2E11BB2993941100705056 /* DRenderQueue.h */,
				2B2E11B82993941000705056 /* DVideoColor.cpp */,
				2B2E11B72993941000705056 /* DVideoColor.h */,
				2B2E11BA2993941100705056 /* DVideoDefines.h */,
				2B2E11B92993941000705056 /* DVideoFormat.cpp */,
				2B2E11BC2993941100705056 /* DVideoFormat.h */,
				2B2E11BD2993941100705056 /* DVideoFrame.cpp */,
				2B2E11BE2993941100705056 /* DVideoFrame.h */,
				2B2E11BF2993941100705056 /* DVideoI420.cpp */,
				2B2E11C02993941100705056 /* DVideoI420.h */,
			);
			name = Video;
			sourceTree = "<group>";
		};
/* End PBXGroup section */

/* Begin PBXNativeTarget section */
		2B2E117829933D2F00705056 /* 02_Render_mac */ = {
			isa = PBXNativeTarget;
			buildConfigurationList = 2B2E118C29933D3100705056 /* Build configuration list for PBXNativeTarget "02_Render_mac" */;
			buildPhases = (
				2B2E117529933D2F00705056 /* Sources */,
				2B2E117629933D2F00705056 /* Frameworks */,
				2B2E117729933D2F00705056 /* Resources */,
			);
			buildRules = (
			);
			dependencies = (
			);
			name = 02_Render_mac;
			productName = 02_Render_mac;
			productReference = 2B2E117929933D2F00705056 /* 02_Render_mac.app */;
			productType = "com.apple.product-type.application";
		};
/* End PBXNativeTarget section */

/* Begin PBXProject section */
		2B2E117129933D2F00705056 /* Project object */ = {
			isa = PBXProject;
			attributes = {
				BuildIndependentTargetsInParallel = 1;
				LastUpgradeCheck = 1340;
				TargetAttributes = {
					2B2E117829933D2F00705056 = {
						CreatedOnToolsVersion = 13.4.1;
					};
				};
			};
			buildConfigurationList = 2B2E117429933D2F00705056 /* Build configuration list for PBXProject "02_Render_mac" */;
			compatibilityVersion = "Xcode 13.0";
			developmentRegion = en;
			hasScannedForEncodings = 0;
			knownRegions = (
				en,
				Base,
			);
			mainGroup = 2B2E117029933D2F00705056;
			productRefGroup = 2B2E117A29933D2F00705056 /* Products */;
			projectDirPath = "";
			projectRoot = "";
			targets = (
				2B2E117829933D2F00705056 /* 02_Render_mac */,
			);
		};
/* End PBXProject section */

/* Begin PBXResourcesBuildPhase section */
		2B2E117729933D2F00705056 /* Resources */ = {
			isa = PBXResourcesBuildPhase;
			buildActionMask = 2147483647;
			files = (
				2B2E118329933D3100705056 /* Assets.xcassets in Resources */,
				2B2E118629933D3100705056 /* Main.storyboard in Resources */,
			);
			runOnlyForDeploymentPostprocessing = 0;
		};
/* End PBXResourcesBuildPhase section */

/* Begin PBXSourcesBuildPhase section */
		2B2E117529933D2F00705056 /* Sources */ = {
			isa = PBXSourcesBuildPhase;
			buildActionMask = 2147483647;
			files = (
				2B2E119429933DC100705056 /* DMacRender.mm in Sources */,
				2B2E11C32993941100705056 /* DVideoFormat.cpp in Sources */,
				2B2E11C22993941100705056 /* DVideoColor.cpp in Sources */,
				2B2E11C62993941100705056 /* DRenderQueue.cc in Sources */,
				2B2E118129933D2F00705056 /* ViewController.m in Sources */,
				2B2E11B2299393CD00705056 /* DBuffer.cpp in Sources */,
				2B2E118829933D3100705056 /* main.m in Sources */,
				2B2E11B1299393CD00705056 /* DFile.cpp in Sources */,
				2B2E119E2993537300705056 /* MacOCCamera.mm in Sources */,
				2B2E11B3299393CD00705056 /* DXP.cpp in Sources */,
				2B2E117E29933D2F00705056 /* AppDelegate.m in Sources */,
				2B2E11B6299393E800705056 /* DBmpFile.cpp in Sources */,
				2B2E11A52993628700705056 /* MacGLView.m in Sources */,
				2B2E11C42993941100705056 /* DVideoFrame.cpp in Sources */,
				2B2E11C52993941100705056 /* DVideoI420.cpp in Sources */,
			);
			runOnlyForDeploymentPostprocessing = 0;
		};
/* End PBXSourcesBuildPhase section */

/* Begin PBXVariantGroup section */
		2B2E118429933D3100705056 /* Main.storyboard */ = {
			isa = PBXVariantGroup;
			children = (
				2B2E118529933D3100705056 /* Base */,
			);
			name = Main.storyboard;
			sourceTree = "<group>";
		};
/* End PBXVariantGroup section */

/* Begin XCBuildConfiguration section */
		2B2E118A29933D3100705056 /* Debug */ = {
			isa = XCBuildConfiguration;
			buildSettings = {
				ALWAYS_SEARCH_USER_PATHS = NO;
				CLANG_ANALYZER_NONNULL = YES;
				CLANG_ANALYZER_NUMBER_OBJECT_CONVERSION = YES_AGGRESSIVE;
				CLANG_CXX_LANGUAGE_STANDARD = "gnu++17";
				CLANG_ENABLE_MODULES = YES;
				CLANG_ENABLE_OBJC_ARC = YES;
				CLANG_ENABLE_OBJC_WEAK = YES;
				CLANG_WARN_BLOCK_CAPTURE_AUTORELEASING = YES;
				CLANG_WARN_BOOL_CONVERSION = YES;
				CLANG_WARN_COMMA = YES;
				CLANG_WARN_CONSTANT_CONVERSION = YES;
				CLANG_WARN_DEPRECATED_OBJC_IMPLEMENTATIONS = YES;
				CLANG_WARN_DIRECT_OBJC_ISA_USAGE = YES_ERROR;
				CLANG_WARN_DOCUMENTATION_COMMENTS = YES;
				CLANG_WARN_EMPTY_BODY = YES;
				CLANG_WARN_ENUM_CONVERSION = YES;
				CLANG_WARN_INFINITE_RECURSION = YES;
				CLANG_WARN_INT_CONVERSION = YES;
				CLANG_WARN_NON_LITERAL_NULL_CONVERSION = YES;
				CLANG_WARN_OBJC_IMPLICIT_RETAIN_SELF = YES;
				CLANG_WARN_OBJC_LITERAL_CONVERSION = YES;
				CLANG_WARN_OBJC_ROOT_CLASS = YES_ERROR;
				CLANG_WARN_QUOTED_INCLUDE_IN_FRAMEWORK_HEADER = YES;
				CLANG_WARN_RANGE_LOOP_ANALYSIS = YES;
				CLANG_WARN_STRICT_PROTOTYPES = YES;
				CLANG_WARN_SUSPICIOUS_MOVE = YES;
				CLANG_WARN_UNGUARDED_AVAILABILITY = YES_AGGRESSIVE;
				CLANG_WARN_UNREACHABLE_CODE = YES;
				CLANG_WARN__DUPLICATE_METHOD_MATCH = YES;
				COPY_PHASE_STRIP = NO;
				DEBUG_INFORMATION_FORMAT = dwarf;
				ENABLE_STRICT_OBJC_MSGSEND = YES;
				ENABLE_TESTABILITY = YES;
				GCC_C_LANGUAGE_STANDARD = gnu11;
				GCC_DYNAMIC_NO_PIC = NO;
				GCC_NO_COMMON_BLOCKS = YES;
				GCC_OPTIMIZATION_LEVEL = 0;
				GCC_PREPROCESSOR_DEFINITIONS = (
					"DEBUG=1",
					"$(inherited)",
				);
				GCC_WARN_64_TO_32_BIT_CONVERSION = YES;
				GCC_WARN_ABOUT_RETURN_TYPE = YES_ERROR;
				GCC_WARN_UNDECLARED_SELECTOR = YES;
				GCC_WARN_UNINITIALIZED_AUTOS = YES_AGGRESSIVE;
				GCC_WARN_UNUSED_FUNCTION = YES;
				GCC_WARN_UNUSED_VARIABLE = YES;
				MACOSX_DEPLOYMENT_TARGET = 12.3;
				MTL_ENABLE_DEBUG_INFO = INCLUDE_SOURCE;
				MTL_FAST_MATH = YES;
				ONLY_ACTIVE_ARCH = YES;
				SDKROOT = macosx;
			};
			name = Debug;
		};
		2B2E118B29933D3100705056 /* Release */ = {
			isa = XCBuildConfiguration;
			buildSettings = {
				ALWAYS_SEARCH_USER_PATHS = NO;
				CLANG_ANALYZER_NONNULL = YES;
				CLANG_ANALYZER_NUMBER_OBJECT_CONVERSION = YES_AGGRESSIVE;
				CLANG_CXX_LANGUAGE_STANDARD = "gnu++17";
				CLANG_ENABLE_MODULES = YES;
				CLANG_ENABLE_OBJC_ARC = YES;
				CLANG_ENABLE_OBJC_WEAK = YES;
				CLANG_WARN_BLOCK_CAPTURE_AUTORELEASING = YES;
				CLANG_WARN_BOOL_CONVERSION = YES;
				CLANG_WARN_COMMA = YES;
				CLANG_WARN_CONSTANT_CONVERSION = YES;
				CLANG_WARN_DEPRECATED_OBJC_IMPLEMENTATIONS = YES;
				CLANG_WARN_DIRECT_OBJC_ISA_USAGE = YES_ERROR;
				CLANG_WARN_DOCUMENTATION_COMMENTS = YES;
				CLANG_WARN_EMPTY_BODY = YES;
				CLANG_WARN_ENUM_CONVERSION = YES;
				CLANG_WARN_INFINITE_RECURSION = YES;
				CLANG_WARN_INT_CONVERSION = YES;
				CLANG_WARN_NON_LITERAL_NULL_CONVERSION = YES;
				CLANG_WARN_OBJC_IMPLICIT_RETAIN_SELF = YES;
				CLANG_WARN_OBJC_LITERAL_CONVERSION = YES;
				CLANG_WARN_OBJC_ROOT_CLASS = YES_ERROR;
				CLANG_WARN_QUOTED_INCLUDE_IN_FRAMEWORK_HEADER = YES;
				CLANG_WARN_RANGE_LOOP_ANALYSIS = YES;
				CLANG_WARN_STRICT_PROTOTYPES = YES;
				CLANG_WARN_SUSPICIOUS_MOVE = YES;
				CLANG_WARN_UNGUARDED_AVAILABILITY = YES_AGGRESSIVE;
				CLANG_WARN_UNREACHABLE_CODE = YES;
				CLANG_WARN__DUPLICATE_METHOD_MATCH = YES;
				COPY_PHASE_STRIP = NO;
				DEBUG_INFORMATION_FORMAT = "dwarf-with-dsym";
				ENABLE_NS_ASSERTIONS = NO;
				ENABLE_STRICT_OBJC_MSGSEND = YES;
				GCC_C_LANGUAGE_STANDARD = gnu11;
				GCC_NO_COMMON_BLOCKS = YES;
				GCC_WARN_64_TO_32_BIT_CONVERSION = YES;
				GCC_WARN_ABOUT_RETURN_TYPE = YES_ERROR;
				GCC_WARN_UNDECLARED_SELECTOR = YES;
				GCC_WARN_UNINITIALIZED_AUTOS = YES_AGGRESSIVE;
				GCC_WARN_UNUSED_FUNCTION = YES;
				GCC_WARN_UNUSED_VARIABLE = YES;
				MACOSX_DEPLOYMENT_TARGET = 12.3;
				MTL_ENABLE_DEBUG_INFO = NO;
				MTL_FAST_MATH = YES;
				SDKROOT = macosx;
			};
			name = Release;
		};
		2B2E118D29933D3100705056 /* Debug */ = {
			isa = XCBuildConfiguration;
			buildSettings = {
				ASSETCATALOG_COMPILER_APPICON_NAME = AppIcon;
				ASSETCATALOG_COMPILER_GLOBAL_ACCENT_COLOR_NAME = AccentColor;
				CODE_SIGN_ENTITLEMENTS = 02_Render_mac/_2_Render_mac.entitlements;
				CODE_SIGN_STYLE = Automatic;
				COMBINE_HIDPI_IMAGES = YES;
				CURRENT_PROJECT_VERSION = 1;
				DEVELOPMENT_TEAM = G4B7ZBVBTD;
				ENABLE_HARDENED_RUNTIME = YES;
				GENERATE_INFOPLIST_FILE = YES;
				HEADER_SEARCH_PATHS = ../../Common;
				INFOPLIST_KEY_NSCameraUsageDescription = YES;
				INFOPLIST_KEY_NSHumanReadableCopyright = "";
				INFOPLIST_KEY_NSMainStoryboardFile = Main;
				INFOPLIST_KEY_NSPrincipalClass = NSApplication;
				LD_RUNPATH_SEARCH_PATHS = (
					"$(inherited)",
					"@executable_path/../Frameworks",
				);
				MARKETING_VERSION = 1.0;
				PRODUCT_BUNDLE_IDENTIFIER = "com.rtcbook.mac.ch3.-2-Render-mac";
				PRODUCT_NAME = "$(TARGET_NAME)";
				SWIFT_EMIT_LOC_STRINGS = YES;
			};
			name = Debug;
		};
		2B2E118E29933D3100705056 /* Release */ = {
			isa = XCBuildConfiguration;
			buildSettings = {
				ASSETCATALOG_COMPILER_APPICON_NAME = AppIcon;
				ASSETCATALOG_COMPILER_GLOBAL_ACCENT_COLOR_NAME = AccentColor;
				CODE_SIGN_ENTITLEMENTS = 02_Render_mac/_2_Render_mac.entitlements;
				CODE_SIGN_STYLE = Automatic;
				COMBINE_HIDPI_IMAGES = YES;
				CURRENT_PROJECT_VERSION = 1;
				DEVELOPMENT_TEAM = G4B7ZBVBTD;
				ENABLE_HARDENED_RUNTIME = YES;
				GENERATE_INFOPLIST_FILE = YES;
				HEADER_SEARCH_PATHS = ../../Common;
				INFOPLIST_KEY_NSCameraUsageDescription = YES;
				INFOPLIST_KEY_NSHumanReadableCopyright = "";
				INFOPLIST_KEY_NSMainStoryboardFile = Main;
				INFOPLIST_KEY_NSPrincipalClass = NSApplication;
				LD_RUNPATH_SEARCH_PATHS = (
					"$(inherited)",
					"@executable_path/../Frameworks",
				);
				MARKETING_VERSION = 1.0;
				PRODUCT_BUNDLE_IDENTIFIER = "com.rtcbook.mac.ch3.-2-Render-mac";
				PRODUCT_NAME = "$(TARGET_NAME)";
				SWIFT_EMIT_LOC_STRINGS = YES;
			};
			name = Release;
		};
/* End XCBuildConfiguration section */

/* Begin XCConfigurationList section */
		2B2E117429933D2F00705056 /* Build configuration list for PBXProject "02_Render_mac" */ = {
			isa = XCConfigurationList;
			buildConfigurations = (
				2B2E118A29933D3100705056 /* Debug */,
				2B2E118B29933D3100705056 /* Release */,
			);
			defaultConfigurationIsVisible = 0;
			defaultConfigurationName = Release;
		};
		2B2E118C29933D3100705056 /* Build configuration list for PBXNativeTarget "02_Render_mac" */ = {
			isa = XCConfigurationList;
			buildConfigurations = (
				2B2E118D29933D3100705056 /* Debug */,
				2B2E118E29933D3100705056 /* Release */,
			);
			defaultConfigurationIsVisible = 0;
			defaultConfigurationName = Release;
		};
/* End XCConfigurationList section */
	};
	rootObject = 2B2E117129933D2F00705056 /* Project object */;
}
