// !$*UTF8*$!
{
	archiveVersion = 1;
	classes = {
	};
	objectVersion = 55;
	objects = {

/* Begin PBXBuildFile section */
		2B2E117E29933D2F00705056 /* AppDelegate.m in Sources */ = {isa = PBXBuildFile; fileRef = 2B2E117D29933D2F00705056 /* AppDelegate.m */; };
		2B2E118129933D2F00705056 /* ViewController.m in Sources */ = {isa = PBXBuildFile; fileRef = 2B2E118029933D2F00705056 /* ViewController.m */; };
		2B2E118329933D3100705056 /* Assets.xcassets in Resources */ = {isa = PBXBuildFile; fileRef = 2B2E118229933D3100705056 /* Assets.xcassets */; };
		2B2E118629933D3100705056 /* Main.storyboard in Resources */ = {isa = PBXBuildFile; fileRef = 2B2E118429933D3100705056 /* Main.storyboard */; };
		2B2E118829933D3100705056 /* main.m in Sources */ = {isa = PBXBuildFile; fileRef = 2B2E118729933D3100705056 /* main.m */; };
		2B2E119129933D9F00705056 /* OpenGL.framework in Frameworks */ = {isa = PBXBuildFile; fileRef = 2B2E119029933D9F00705056 /* OpenGL.framework */; };
		2B2E119429933DC100705056 /* DMacRender.mm in Sources */ = {isa = PBXBuildFile; fileRef = 2B2E119229933DC100705056 /* DMacRender.mm */; };
		2B2E119629933E9100705056 /* AppKit.framework in Frameworks */ = {isa = PBXBuildFile; fileRef = 2B2E119529933E9100705056 /* AppKit.framework */; };
		2B2E119B29934D9B00705056 /* CoreVideo.framework in Frameworks */ = {isa = PBXBuildFile; fileRef = 2B2E119A29934D9B00705056 /* CoreVideo.framework */; };
		2B2E119E2993537300705056 /* MacOCCamera.mm in Sources */ = {isa = PBXBuildFile; fileRef = 2B2E119D2993537300705056 /* MacOCCamera.mm */; };
		2B2E11A0299353EF00705056 /* AVFoundation.framework in Frameworks */ = {isa = PBXBuildFile; fileRef = 2B2E119F299353EF00705056 /* AVFoundation.framework */; };
		2B2E11A22993540300705056 /* CoreMedia.framework in Frameworks */ = {isa = PBXBuildFile; fileRef = 2B2E11A12993540300705056 /* CoreMedia.framework */; };
		2B2E11A52993628700705056 /* MacGLView.m in Sources */ = {isa = PBXBuildFile; fileRef = 2B2E11A42993628700705056 /* MacGLView.m */; };
/* End PBXBuildFile section */

/* Begin PBXFileReference section */
		2B2E117929933D2F00705056 /* 02_Render_mac.app */ = {isa = PBXFileReference; explicitFileType = wrapper.application; includeInIndex = 0; path = 02_Render_mac.app; sourceTree = BUILT_PRODUCTS_DIR; };
		2B2E117C29933D2F00705056 /* AppDelegate.h */ = {isa = PBXFileReference; lastKnownFileType = sourcecode.c.h; path = AppDelegate.h; sourceTree = "<group>"; };
		2B2E117D29933D2F00705056 /* AppDelegate.m */ = {isa = PBXFileReference; lastKnownFileType = sourcecode.c.objc; path = AppDelegate.m; sourceTree = "<group>"; };
		2B2E117F29933D2F00705056 /* ViewController.h */ = {isa = PBXFileReference; lastKnownFileType = sourcecode.c.h; path = ViewController.h; sourceTree = "<group>"; };
		2B2E118029933D2F00705056 /* ViewController.m */ = {isa = PBXFileReference; lastKnownFileType = sourcecode.c.objc; path = ViewController.m; sourceTree = "<group>"; };
		2B2E118229933D3100705056 /* Assets.xcassets */ = {isa = PBXFileReference; lastKnownFileType = folder.assetcatalog; path = Assets.xcassets; sourceTree = "<group>"; };
		2B2E118529933D3100705056 /* Base */ = {isa = PBXFileReference; lastKnownFileType = file.storyboard; name = Base; path = Base.lproj/Main.storyboard; sourceTree = "<group>"; };
		2B2E118729933D3100705056 /* main.m */ = {isa = PBXFileReference; lastKnownFileType = sourcecode.c.objc; path = main.m; sourceTree = "<group>"; };
		2B2E118929933D3100705056 /* _2_Render_mac.entitlements */ = {isa = PBXFileReference; lastKnownFileType = text.plist.entitlements; path = _2_Render_mac.entitlements; sourceTree = "<group>"; };
		2B2E119029933D9F00705056 /* OpenGL.framework */ = {isa = PBXFileReference; lastKnownFileType = wrapper.framework; name = OpenGL.framework; path = System/Library/Frameworks/OpenGL.framework; sourceTree = SDKROOT; };
		2B2E119229933DC100705056 /* DMacRender.mm */ = {isa = PBXFileReference; fileEncoding = 4; lastKnownFileType = sourcecode.cpp.objcpp; path = DMacRender.mm; sourceTree = "<group>"; };
		2B2E119329933DC100705056 /* DMacRender.h */ = {isa = PBXFileReference; fileEncoding = 4; lastKnownFileType = sourcecode.c.h; path = DMacRender.h; sourceTree = "<group>"; };
		2B2E119529933E9100705056 /* AppKit.framework */ = {isa = PBXFileReference; lastKnownFileType = wrapper.framework; name = AppKit.framework; path = System/Library/Frameworks/AppKit.framework; sourceTree = SDKROOT; };
		2B2E119A29934D9B00705056 /* CoreVideo.framework */ = {isa = PBXFileReference; lastKnownFileType = wrapper.framework; name = CoreVideo.framework; path = System/Library/Frameworks/CoreVideo.framework; sourceTree = SDKROOT; };
		2B2E119C2993537300705056 /* MacOCCamera.h */ = {isa = PBXFileReference; fileEncoding = 4; lastKnownFileType = sourcecode.c.h; path = MacOCCamera.h; sourceTree = "<group>"; };
		2B2E119D2993537300705056 /* MacOCCamera.mm */ = {isa = PBXFileReference; fileEncoding = 4; lastKnownFileType = sourcecode.cpp.objcpp; path = MacOCCamera.mm; sourceTree = "<group>"; };
		2B2E119F299353EF00705056 /* AVFoundation.framework */ = {isa = PBXFileReference; lastKnownFileType = wrapper.framework; name = AVFoundation.framework; path = System/Library/Frameworks/AVFoundation.framework; sourceTree = SDKROOT; };
		2B2E11A12993540300705056 /* CoreMedia.framework */ = {isa = PBXFileReference; lastKnownFileType = wrapper.framework; name = CoreMedia.framework; path = System/Library/Frameworks/CoreMedia.framework; sourceTree = SDKROOT; };
		2B2E11A32993628700705056 /* MacGLView.h */ = {isa = PBXFileReference; fileEncoding = 4; lastKnownFileType = sourcecode.c.h; path = MacGLView.h; sourceTree = "<group>"; };
		2B2E11A42993628700705056 /* MacGLView.m */ = {isa = PBXFileReference; fileEncoding = 4; lastKnownFileType = sourcecode.c.objc; path = MacGLView.m; sourceTree = "<group>"; };
/* End PBXFileReference section */

/* Begin PBXFrameworksBuildPhase section */
		2B2E117629933D2F00705056 /* Frameworks */ = {
			isa = PBXFrameworksBuildPhase;
			buildActionMask = 2147483647;
			files = (
				2B2E11A22993540300705056 /* CoreMedia.framework in Frameworks */,
				2B2E11A0299353EF00705056 /* AVFoundation.framework in Frameworks */,
				2B2E119B29934D9B00705056 /* CoreVideo.framework in Frameworks */,
				2B2E119629933E9100705056 /* AppKit.framework in Frameworks */,
				2B2E119129933D9F00705056 /* OpenGL.framework in Frameworks */,
			);
			runOnlyForDeploymentPostprocessing = 0;
		};
/* End PBXFrameworksBuildPhase section */

/* Begin PBXGroup section */
		2B2E117029933D2F00705056 = {
			isa = PBXGroup;
			children = (
				2B2E117B29933D2F00705056 /* 02_Render_mac */,
				2B2E117A29933D2F00705056 /* Products */,
				2B2E118F29933D9F00705056 /* Frameworks */,
			);
			sourceTree = "<group>";
		};
		2B2E117A29933D2F00705056 /* Products */ = {
			isa = PBXGroup;
			children = (
				2B2E117929933D2F00705056 /* 02_Render_mac.app */,
			);
			name = Products;
			sourceTree = "<group>";
		};
		2B2E117B29933D2F00705056 /* 02_Render_mac */ = {
			isa = PBXGroup;
			children = (
				2B2E11A32993628700705056 /* MacGLView.h */,
				2B2E11A42993628700705056 /* MacGLView.m */,
				2B2E119C2993537300705056 /* MacOCCamera.h */,
				2B2E119D2993537300705056 /* MacOCCamera.mm */,
				2B2E119229933DC100705056 /* DMacRender.mm */,
				2B2E119329933DC100705056 /* DMacRender.h */,
				2B2E117C29933D2F00705056 /* AppDelegate.h */,
				2B2E117D29933D2F00705056 /* AppDelegate.m */,
				2B2E117F29933D2F00705056 /* ViewController.h */,
				2B2E118029933D2F00705056 /* ViewController.m */,
				2B2E118229933D3100705056 /* Assets.xcassets */,
				2B2E118429933D3100705056 /* Main.storyboard */,
				2B2E118729933D3100705056 /* main.m */,
				2B2E118929933D3100705056 /* _2_Render_mac.entitlements */,
			);
			path = 02_Render_mac;
			sourceTree = "<group>";
		};
		2B2E118F29933D9F00705056 /* Frameworks */ = {
			isa = PBXGroup;
			children = (
				2B2E11A12993540300705056 /* CoreMedia.framework */,
				2B2E119F299353EF00705056 /* AVFoundation.framework */,
				2B2E119A29934D9B00705056 /* CoreVideo.framework */,
				2B2E119529933E9100705056 /* AppKit.framework */,
				2B2E119029933D9F00705056 /* OpenGL.framework */,
			);
			name = Frameworks;
			sourceTree = "<group>";
		};
/* End PBXGroup section */

/* Begin PBXNativeTarget section */
		2B2E117829933D2F00705056 /* 02_Render_mac */ = {
			isa = PBXNativeTarget;
			buildConfigurationList = 2B2E118C29933D3100705056 /* Build configuration list for PBXNativeTarget "02_Render_mac" */;
			buildPhases = (
				2B2E117529933D2F00705056 /* Sources */,
				2B2E117629933D2F00705056 /* Frameworks */,
				2B2E117729933D2F00705056 /* Resources */,
			);
			buildRules = (
			);
			dependencies = (
			);
			name = 02_Render_mac;
			productName = 02_Render_mac;
			productReference = 2B2E117929933D2F00705056 /* 02_Render_mac.app */;
			productType = "com.apple.product-type.application";
		};
/* End PBXNativeTarget section */

/* Begin PBXProject section */
		2B2E117129933D2F00705056 /* Project object */ = {
			isa = PBXProject;
			attributes = {
				BuildIndependentTargetsInParallel = 1;
				LastUpgradeCheck = 1340;
				TargetAttributes = {
					2B2E117829933D2F00705056 = {
						CreatedOnToolsVersion = 13.4.1;
					};
				};
			};
			buildConfigurationList = 2B2E117429933D2F00705056 /* Build configuration list for PBXProject "02_Render_mac" */;
			compatibilityVersion = "Xcode 13.0";
			developmentRegion = en;
			hasScannedForEncodings = 0;
			knownRegions = (
				en,
				Base,
			);
			mainGroup = 2B2E117029933D2F00705056;
			productRefGroup = 2B2E117A29933D2F00705056 /* Products */;
			projectDirPath = "";
			projectRoot = "";
			targets = (
				2B2E117829933D2F00705056 /* 02_Render_mac */,
			);
		};
/* End PBXProject section */

/* Begin PBXResourcesBuildPhase section */
		2B2E117729933D2F00705056 /* Resources */ = {
			isa = PBXResourcesBuildPhase;
			buildActionMask = 2147483647;
			files = (
				2B2E118329933D3100705056 /* Assets.xcassets in Resources */,
				2B2E118629933D3100705056 /* Main.storyboard in Resources */,
			);
			runOnlyForDeploymentPostprocessing = 0;
		};
/* End PBXResourcesBuildPhase section */

/* Begin PBXSourcesBuildPhase section */
		2B2E117529933D2F00705056 /* Sources */ = {
			isa = PBXSourcesBuildPhase;
			buildActionMask = 2147483647;
			files = (
				2B2E119429933DC100705056 /* DMacRender.mm in Sources */,
				2B2E118129933D2F00705056 /* ViewController.m in Sources */,
				2B2E118829933D3100705056 /* main.m in Sources */,
				2B2E119E2993537300705056 /* MacOCCamera.mm in Sources */,
				2B2E117E29933D2F00705056 /* AppDelegate.m in Sources */,
				2B2E11A52993628700705056 /* MacGLView.m in Sources */,
			);
			runOnlyForDeploymentPostprocessing = 0;
		};
/* End PBXSourcesBuildPhase section */

/* Begin PBXVariantGroup section */
		2B2E118429933D3100705056 /* Main.storyboard */ = {
			isa = PBXVariantGroup;
			children = (
				2B2E118529933D3100705056 /* Base */,
			);
			name = Main.storyboard;
			sourceTree = "<group>";
		};
/* End PBXVariantGroup section */

/* Begin XCBuildConfiguration section */
		2B2E118A29933D3100705056 /* Debug */ = {
			isa = XCBuildConfiguration;
			buildSettings = {
				ALWAYS_SEARCH_USER_PATHS = NO;
				CLANG_ANALYZER_NONNULL = YES;
				CLANG_ANALYZER_NUMBER_OBJECT_CONVERSION = YES_AGGRESSIVE;
				CLANG_CXX_LANGUAGE_STANDARD = "gnu++17";
				CLANG_ENABLE_MODULES = YES;
				CLANG_ENABLE_OBJC_ARC = YES;
				CLANG_ENABLE_OBJC_WEAK = YES;
				CLANG_WARN_BLOCK_CAPTURE_AUTORELEASING = YES;
				CLANG_WARN_BOOL_CONVERSION = YES;
				CLANG_WARN_COMMA = YES;
				CLANG_WARN_CONSTANT_CONVERSION = YES;
				CLANG_WARN_DEPRECATED_OBJC_IMPLEMENTATIONS = YES;
				CLANG_WARN_DIRECT_OBJC_ISA_USAGE = YES_ERROR;
				CLANG_WARN_DOCUMENTATION_COMMENTS = YES;
				CLANG_WARN_EMPTY_BODY = YES;
				CLANG_WARN_ENUM_CONVERSION = YES;
				CLANG_WARN_INFINITE_RECURSION = YES;
				CLANG_WARN_INT_CONVERSION = YES;
				CLANG_WARN_NON_LITERAL_NULL_CONVERSION = YES;
				CLANG_WARN_OBJC_IMPLICIT_RETAIN_SELF = YES;
				CLANG_WARN_OBJC_LITERAL_CONVERSION = YES;
				CLANG_WARN_OBJC_ROOT_CLASS = YES_ERROR;
				CLANG_WARN_QUOTED_INCLUDE_IN_FRAMEWORK_HEADER = YES;
				CLANG_WARN_RANGE_LOOP_ANALYSIS = YES;
				CLANG_WARN_STRICT_PROTOTYPES = YES;
				CLANG_WARN_SUSPICIOUS_MOVE = YES;
				CLANG_WARN_UNGUARDED_AVAILABILITY = YES_AGGRESSIVE;
				CLANG_WARN_UNREACHABLE_CODE = YES;
				CLANG_WARN__DUPLICATE_METHOD_MATCH = YES;
				COPY_PHASE_STRIP = NO;
				DEBUG_INFORMATION_FORMAT = dwarf;
				ENABLE_STRICT_OBJC_MSGSEND = YES;
				ENABLE_TESTABILITY = YES;
				GCC_C_LANGUAGE_STANDARD = gnu11;
				GCC_DYNAMIC_NO_PIC = NO;
				GCC_NO_COMMON_BLOCKS = YES;
				GCC_OPTIMIZATION_LEVEL = 0;
				GCC_PREPROCESSOR_DEFINITIONS = (
					"DEBUG=1",
					"$(inherited)",
				);
				GCC_WARN_64_TO_32_BIT_CONVERSION = YES;
				GCC_WARN_ABOUT_RETURN_TYPE = YES_ERROR;
				GCC_WARN_UNDECLARED_SELECTOR = YES;
				GCC_WARN_UNINITIALIZED_AUTOS = YES_AGGRESSIVE;
				GCC_WARN_UNUSED_FUNCTION = YES;
				GCC_WARN_UNUSED_VARIABLE = YES;
				MACOSX_DEPLOYMENT_TARGET = 12.3;
				MTL_ENABLE_DEBUG_INFO = INCLUDE_SOURCE;
				MTL_FAST_MATH = YES;
				ONLY_ACTIVE_ARCH = YES;
				SDKROOT = macosx;
			};
			name = Debug;
		};
		2B2E118B29933D3100705056 /* Release */ = {
			isa = XCBuildConfiguration;
			buildSettings = {
				ALWAYS_SEARCH_USER_PATHS = NO;
				CLANG_ANALYZER_NONNULL = YES;
				CLANG_ANALYZER_NUMBER_OBJECT_CONVERSION = YES_AGGRESSIVE;
				CLANG_CXX_LANGUAGE_STANDARD = "gnu++17";
				CLANG_ENABLE_MODULES = YES;
				CLANG_ENABLE_OBJC_ARC = YES;
				CLANG_ENABLE_OBJC_WEAK = YES;
				CLANG_WARN_BLOCK_CAPTURE_AUTORELEASING = YES;
				CLANG_WARN_BOOL_CONVERSION = YES;
				CLANG_WARN_COMMA = YES;
				CLANG_WARN_CONSTANT_CONVERSION = YES;
				CLANG_WARN_DEPRECATED_OBJC_IMPLEMENTATIONS = YES;
				CLANG_WARN_DIRECT_OBJC_ISA_USAGE = YES_ERROR;
				CLANG_WARN_DOCUMENTATION_COMMENTS = YES;
				CLANG_WARN_EMPTY_BODY = YES;
				CLANG_WARN_ENUM_CONVERSION = YES;
				CLANG_WARN_INFINITE_RECURSION = YES;
				CLANG_WARN_INT_CONVERSION = YES;
				CLANG_WARN_NON_LITERAL_NULL_CONVERSION = YES;
				CLANG_WARN_OBJC_IMPLICIT_RETAIN_SELF = YES;
				CLANG_WARN_OBJC_LITERAL_CONVERSION = YES;
				CLANG_WARN_OBJC_ROOT_CLASS = YES_ERROR;
				CLANG_WARN_QUOTED_INCLUDE_IN_FRAMEWORK_HEADER = YES;
				CLANG_WARN_RANGE_LOOP_ANALYSIS = YES;
				CLANG_WARN_STRICT_PROTOTYPES = YES;
				CLANG_WARN_SUSPICIOUS_MOVE = YES;
				CLANG_WARN_UNGUARDED_AVAILABILITY = YES_AGGRESSIVE;
				CLANG_WARN_UNREACHABLE_CODE = YES;
				CLANG_WARN__DUPLICATE_METHOD_MATCH = YES;
				COPY_PHASE_STRIP = NO;
				DEBUG_INFORMATION_FORMAT = "dwarf-with-dsym";
				ENABLE_NS_ASSERTIONS = NO;
				ENABLE_STRICT_OBJC_MSGSEND = YES;
				GCC_C_LANGUAGE_STANDARD = gnu11;
				GCC_NO_COMMON_BLOCKS = YES;
				GCC_WARN_64_TO_32_BIT_CONVERSION = YES;
				GCC_WARN_ABOUT_RETURN_TYPE = YES_ERROR;
				GCC_WARN_UNDECLARED_SELECTOR = YES;
				GCC_WARN_UNINITIALIZED_AUTOS = YES_AGGRESSIVE;
				GCC_WARN_UNUSED_FUNCTION = YES;
				GCC_WARN_UNUSED_VARIABLE = YES;
				MACOSX_DEPLOYMENT_TARGET = 12.3;
				MTL_ENABLE_DEBUG_INFO = NO;
				MTL_FAST_MATH = YES;
				SDKROOT = macosx;
			};
			name = Release;
		};
		2B2E118D29933D3100705056 /* Debug */ = {
			isa = XCBuildConfiguration;
			buildSettings = {
				ASSETCATALOG_COMPILER_APPICON_NAME = AppIcon;
				ASSETCATALOG_COMPILER_GLOBAL_ACCENT_COLOR_NAME = AccentColor;
				CODE_SIGN_ENTITLEMENTS = 02_Render_mac/_2_Render_mac.entitlements;
				CODE_SIGN_STYLE = Automatic;
				COMBINE_HIDPI_IMAGES = YES;
				CURRENT_PROJECT_VERSION = 1;
				DEVELOPMENT_TEAM = G4B7ZBVBTD;
				ENABLE_HARDENED_RUNTIME = YES;
				GENERATE_INFOPLIST_FILE = YES;
				HEADER_SEARCH_PATHS = ../../Common;
				INFOPLIST_KEY_NSCameraUsageDescription = YES;
				INFOPLIST_KEY_NSHumanReadableCopyright = "";
				INFOPLIST_KEY_NSMainStoryboardFile = Main;
				INFOPLIST_KEY_NSPrincipalClass = NSApplication;
				LD_RUNPATH_SEARCH_PATHS = (
					"$(inherited)",
					"@executable_path/../Frameworks",
				);
				MARKETING_VERSION = 1.0;
				PRODUCT_BUNDLE_IDENTIFIER = "com.rtcbook.mac.ch3.-2-Render-mac";
				PRODUCT_NAME = "$(TARGET_NAME)";
				SWIFT_EMIT_LOC_STRINGS = YES;
			};
			name = Debug;
		};
		2B2E118E29933D3100705056 /* Release */ = {
			isa = XCBuildConfiguration;
			buildSettings = {
				ASSETCATALOG_COMPILER_APPICON_NAME = AppIcon;
				ASSETCATALOG_COMPILER_GLOBAL_ACCENT_COLOR_NAME = AccentColor;
				CODE_SIGN_ENTITLEMENTS = 02_Render_mac/_2_Render_mac.entitlements;
				CODE_SIGN_STYLE = Automatic;
				COMBINE_HIDPI_IMAGES = YES;
				CURRENT_PROJECT_VERSION = 1;
				DEVELOPMENT_TEAM = G4B7ZBVBTD;
				ENABLE_HARDENED_RUNTIME = YES;
				GENERATE_INFOPLIST_FILE = YES;
				HEADER_SEARCH_PATHS = ../../Common;
				INFOPLIST_KEY_NSCameraUsageDescription = YES;
				INFOPLIST_KEY_NSHumanReadableCopyright = "";
				INFOPLIST_KEY_NSMainStoryboardFile = Main;
				INFOPLIST_KEY_NSPrincipalClass = NSApplication;
				LD_RUNPATH_SEARCH_PATHS = (
					"$(inherited)",
					"@executable_path/../Frameworks",
				);
				MARKETING_VERSION = 1.0;
				PRODUCT_BUNDLE_IDENTIFIER = "com.rtcbook.mac.ch3.-2-Render-mac";
				PRODUCT_NAME = "$(TARGET_NAME)";
				SWIFT_EMIT_LOC_STRINGS = YES;
			};
			name = Release;
		};
/* End XCBuildConfiguration section */

/* Begin XCConfigurationList section */
		2B2E117429933D2F00705056 /* Build configuration list for PBXProject "02_Render_mac" */ = {
			isa = XCConfigurationList;
			buildConfigurations = (
				2B2E118A29933D3100705056 /* Debug */,
				2B2E118B29933D3100705056 /* Release */,
			);
			defaultConfigurationIsVisible = 0;
			defaultConfigurationName = Release;
		};
		2B2E118C29933D3100705056 /* Build configuration list for PBXNativeTarget "02_Render_mac" */ = {
			isa = XCConfigurationList;
			buildConfigurations = (
				2B2E118D29933D3100705056 /* Debug */,
				2B2E118E29933D3100705056 /* Release */,
			);
			defaultConfigurationIsVisible = 0;
			defaultConfigurationName = Release;
		};
/* End XCConfigurationList section */
	};
	rootObject = 2B2E117129933D2F00705056 /* Project object */;
}
