// !$*UTF8*$!
{
	archiveVersion = 1;
	classes = {
	};
	objectVersion = 55;
	objects = {

/* Begin PBXBuildFile section */
		2B44BF192930BBBF00CC20EA /* main.cpp in Sources */ = {isa = PBXBuildFile; fileRef = 2B44BF182930BBBF00CC20EA /* main.cpp */; };
		2B4978402930C88B00F2949B /* DXP.cpp in Sources */ = {isa = PBXBuildFile; fileRef = 2B49783C2930C88B00F2949B /* DXP.cpp */; };
		2B4978412930C88B00F2949B /* DBuffer.cpp in Sources */ = {isa = PBXBuildFile; fileRef = 2B49783E2930C88B00F2949B /* DBuffer.cpp */; };
		2B49786C2931293B00F2949B /* DTestBuffer.cpp in Sources */ = {isa = PBXBuildFile; fileRef = 2B49786B2931293B00F2949B /* DTestBuffer.cpp */; };
/* End PBXBuildFile section */

/* Begin PBXCopyFilesBuildPhase section */
		2B44BF132930BBBF00CC20EA /* CopyFiles */ = {
			isa = PBXCopyFilesBuildPhase;
			buildActionMask = 2147483647;
			dstPath = /usr/share/man/man1/;
			dstSubfolderSpec = 0;
			files = (
			);
			runOnlyForDeploymentPostprocessing = 1;
		};
/* End PBXCopyFilesBuildPhase section */

/* Begin PBXFileReference section */
		2B44BF152930BBBF00CC20EA /* 01_BufferViewer */ = {isa = PBXFileReference; explicitFileType = "compiled.mach-o.executable"; includeInIndex = 0; path = 01_BufferViewer; sourceTree = BUILT_PRODUCTS_DIR; };
		2B44BF182930BBBF00CC20EA /* main.cpp */ = {isa = PBXFileReference; lastKnownFileType = sourcecode.cpp.cpp; path = main.cpp; sourceTree = "<group>"; };
		2B4978382930C86100F2949B /* DConfig.h */ = {isa = PBXFileReference; fileEncoding = 4; lastKnownFileType = sourcecode.c.h; name = DConfig.h; path = ../../../Common/DConfig.h; sourceTree = "<group>"; };
		2B4978392930C86100F2949B /* DConfig_Mac.h */ = {isa = PBXFileReference; fileEncoding = 4; lastKnownFileType = sourcecode.c.h; name = DConfig_Mac.h; path = ../../../Common/DConfig_Mac.h; sourceTree = "<group>"; };
		2B49783A2930C86100F2949B /* DTypes.h */ = {isa = PBXFileReference; fileEncoding = 4; lastKnownFileType = sourcecode.c.h; name = DTypes.h; path = ../../../Common/DTypes.h; sourceTree = "<group>"; };
		2B49783C2930C88B00F2949B /* DXP.cpp */ = {isa = PBXFileReference; fileEncoding = 4; lastKnownFileType = sourcecode.cpp.cpp; name = DXP.cpp; path = ../../../Common/Base/DXP.cpp; sourceTree = "<group>"; };
		2B49783D2930C88B00F2949B /* DBuffer.h */ = {isa = PBXFileReference; fileEncoding = 4; lastKnownFileType = sourcecode.c.h; name = DBuffer.h; path = ../../../Common/Base/DBuffer.h; sourceTree = "<group>"; };
		2B49783E2930C88B00F2949B /* DBuffer.cpp */ = {isa = PBXFileReference; fileEncoding = 4; lastKnownFileType = sourcecode.cpp.cpp; name = DBuffer.cpp; path = ../../../Common/Base/DBuffer.cpp; sourceTree = "<group>"; };
		2B49783F2930C88B00F2949B /* DXP.h */ = {isa = PBXFileReference; fileEncoding = 4; lastKnownFileType = sourcecode.c.h; name = DXP.h; path = ../../../Common/Base/DXP.h; sourceTree = "<group>"; };
		2B4978422930CA0C00F2949B /* DTest.h */ = {isa = PBXFileReference; fileEncoding = 4; lastKnownFileType = sourcecode.c.h; name = DTest.h; path = ../../../Common/Base/DTest.h; sourceTree = "<group>"; };
		2B49786A2931293B00F2949B /* DTestBuffer.h */ = {isa = PBXFileReference; fileEncoding = 4; lastKnownFileType = sourcecode.c.h; name = DTestBuffer.h; path = ../../../Test/Base/DTestBuffer.h; sourceTree = "<group>"; };
		2B49786B2931293B00F2949B /* DTestBuffer.cpp */ = {isa = PBXFileReference; fileEncoding = 4; lastKnownFileType = sourcecode.cpp.cpp; name = DTestBuffer.cpp; path = ../../../Test/Base/DTestBuffer.cpp; sourceTree = "<group>"; };
/* End PBXFileReference section */

/* Begin PBXFrameworksBuildPhase section */
		2B44BF122930BBBF00CC20EA /* Frameworks */ = {
			isa = PBXFrameworksBuildPhase;
			buildActionMask = 2147483647;
			files = (
			);
			runOnlyForDeploymentPostprocessing = 0;
		};
/* End PBXFrameworksBuildPhase section */

/* Begin PBXGroup section */
		2B44BF0C2930BBBF00CC20EA = {
			isa = PBXGroup;
			children = (
				2B44BF172930BBBF00CC20EA /* 01_BufferViewer_mac */,
				2B44BF162930BBBF00CC20EA /* Products */,
			);
			sourceTree = "<group>";
		};
		2B44BF162930BBBF00CC20EA /* Products */ = {
			isa = PBXGroup;
			children = (
				2B44BF152930BBBF00CC20EA /* 01_BufferViewer */,
			);
			name = Products;
			sourceTree = "<group>";
		};
		2B44BF172930BBBF00CC20EA /* 01_BufferViewer_mac */ = {
			isa = PBXGroup;
			children = (
				2B4978372930C84D00F2949B /* Common */,
				2B497868293128FB00F2949B /* Test */,
				2B44BF182930BBBF00CC20EA /* main.cpp */,
			);
			path = 01_BufferViewer_mac;
			sourceTree = "<group>";
		};
		2B4978372930C84D00F2949B /* Common */ = {
			isa = PBXGroup;
			children = (
				2B49783B2930C86500F2949B /* Base */,
				2B4978392930C86100F2949B /* DConfig_Mac.h */,
				2B4978382930C86100F2949B /* DConfig.h */,
				2B49783A2930C86100F2949B /* DTypes.h */,
			);
			name = Common;
			sourceTree = "<group>";
		};
		2B49783B2930C86500F2949B /* Base */ = {
			isa = PBXGroup;
			children = (
				2B4978422930CA0C00F2949B /* DTest.h */,
				2B49783E2930C88B00F2949B /* DBuffer.cpp */,
				2B49783D2930C88B00F2949B /* DBuffer.h */,
				2B49783C2930C88B00F2949B /* DXP.cpp */,
				2B49783F2930C88B00F2949B /* DXP.h */,
			);
			name = Base;
			sourceTree = "<group>";
		};
		2B497868293128FB00F2949B /* Test */ = {
			isa = PBXGroup;
			children = (
				2B4978692931291600F2949B /* Base */,
			);
			name = Test;
			sourceTree = "<group>";
		};
		2B4978692931291600F2949B /* Base */ = {
			isa = PBXGroup;
			children = (
				2B49786B2931293B00F2949B /* DTestBuffer.cpp */,
				2B49786A2931293B00F2949B /* DTestBuffer.h */,
			);
			name = Base;
			sourceTree = "<group>";
		};
/* End PBXGroup section */

/* Begin PBXNativeTarget section */
		2B44BF142930BBBF00CC20EA /* 01_BufferViewer */ = {
			isa = PBXNativeTarget;
			buildConfigurationList = 2B44BF1C2930BBBF00CC20EA /* Build configuration list for PBXNativeTarget "01_BufferViewer" */;
			buildPhases = (
				2B44BF112930BBBF00CC20EA /* Sources */,
				2B44BF122930BBBF00CC20EA /* Frameworks */,
				2B44BF132930BBBF00CC20EA /* CopyFiles */,
			);
			buildRules = (
			);
			dependencies = (
			);
			name = 01_BufferViewer;
			productName = 01_BufferViewer_mac;
			productReference = 2B44BF152930BBBF00CC20EA /* 01_BufferViewer */;
			productType = "com.apple.product-type.tool";
		};
/* End PBXNativeTarget section */

/* Begin PBXProject section */
		2B44BF0D2930BBBF00CC20EA /* Project object */ = {
			isa = PBXProject;
			attributes = {
				BuildIndependentTargetsInParallel = 1;
				LastUpgradeCheck = 1340;
				TargetAttributes = {
					2B44BF142930BBBF00CC20EA = {
						CreatedOnToolsVersion = 13.4.1;
					};
				};
			};
			buildConfigurationList = 2B44BF102930BBBF00CC20EA /* Build configuration list for PBXProject "01_BufferViewer_mac" */;
			compatibilityVersion = "Xcode 13.0";
			developmentRegion = en;
			hasScannedForEncodings = 0;
			knownRegions = (
				en,
				Base,
			);
			mainGroup = 2B44BF0C2930BBBF00CC20EA;
			productRefGroup = 2B44BF162930BBBF00CC20EA /* Products */;
			projectDirPath = "";
			projectRoot = "";
			targets = (
				2B44BF142930BBBF00CC20EA /* 01_BufferViewer */,
			);
		};
/* End PBXProject section */

/* Begin PBXSourcesBuildPhase section */
		2B44BF112930BBBF00CC20EA /* Sources */ = {
			isa = PBXSourcesBuildPhase;
			buildActionMask = 2147483647;
			files = (
				2B4978402930C88B00F2949B /* DXP.cpp in Sources */,
				2B4978412930C88B00F2949B /* DBuffer.cpp in Sources */,
				2B49786C2931293B00F2949B /* DTestBuffer.cpp in Sources */,
				2B44BF192930BBBF00CC20EA /* main.cpp in Sources */,
			);
			runOnlyForDeploymentPostprocessing = 0;
		};
/* End PBXSourcesBuildPhase section */

/* Begin XCBuildConfiguration section */
		2B44BF1A2930BBBF00CC20EA /* Debug */ = {
			isa = XCBuildConfiguration;
			buildSettings = {
				ALWAYS_SEARCH_USER_PATHS = NO;
				CLANG_ANALYZER_NONNULL = YES;
				CLANG_ANALYZER_NUMBER_OBJECT_CONVERSION = YES_AGGRESSIVE;
				CLANG_CXX_LANGUAGE_STANDARD = "gnu++17";
				CLANG_ENABLE_MODULES = YES;
				CLANG_ENABLE_OBJC_ARC = YES;
				CLANG_ENABLE_OBJC_WEAK = YES;
				CLANG_WARN_BLOCK_CAPTURE_AUTORELEASING = YES;
				CLANG_WARN_BOOL_CONVERSION = YES;
				CLANG_WARN_COMMA = YES;
				CLANG_WARN_CONSTANT_CONVERSION = YES;
				CLANG_WARN_DEPRECATED_OBJC_IMPLEMENTATIONS = YES;
				CLANG_WARN_DIRECT_OBJC_ISA_USAGE = YES_ERROR;
				CLANG_WARN_DOCUMENTATION_COMMENTS = YES;
				CLANG_WARN_EMPTY_BODY = YES;
				CLANG_WARN_ENUM_CONVERSION = YES;
				CLANG_WARN_INFINITE_RECURSION = YES;
				CLANG_WARN_INT_CONVERSION = YES;
				CLANG_WARN_NON_LITERAL_NULL_CONVERSION = YES;
				CLANG_WARN_OBJC_IMPLICIT_RETAIN_SELF = YES;
				CLANG_WARN_OBJC_LITERAL_CONVERSION = YES;
				CLANG_WARN_OBJC_ROOT_CLASS = YES_ERROR;
				CLANG_WARN_QUOTED_INCLUDE_IN_FRAMEWORK_HEADER = YES;
				CLANG_WARN_RANGE_LOOP_ANALYSIS = YES;
				CLANG_WARN_STRICT_PROTOTYPES = YES;
				CLANG_WARN_SUSPICIOUS_MOVE = YES;
				CLANG_WARN_UNGUARDED_AVAILABILITY = YES_AGGRESSIVE;
				CLANG_WARN_UNREACHABLE_CODE = YES;
				CLANG_WARN__DUPLICATE_METHOD_MATCH = YES;
				COPY_PHASE_STRIP = NO;
				DEBUG_INFORMATION_FORMAT = dwarf;
				ENABLE_STRICT_OBJC_MSGSEND = YES;
				ENABLE_TESTABILITY = YES;
				GCC_C_LANGUAGE_STANDARD = gnu11;
				GCC_DYNAMIC_NO_PIC = NO;
				GCC_NO_COMMON_BLOCKS = YES;
				GCC_OPTIMIZATION_LEVEL = 0;
				GCC_PREPROCESSOR_DEFINITIONS = (
					"DEBUG=1",
					"$(inherited)",
				);
				GCC_WARN_64_TO_32_BIT_CONVERSION = YES;
				GCC_WARN_ABOUT_RETURN_TYPE = YES_ERROR;
				GCC_WARN_UNDECLARED_SELECTOR = YES;
				GCC_WARN_UNINITIALIZED_AUTOS = YES_AGGRESSIVE;
				GCC_WARN_UNUSED_FUNCTION = YES;
				GCC_WARN_UNUSED_VARIABLE = YES;
				MACOSX_DEPLOYMENT_TARGET = 12.3;
				MTL_ENABLE_DEBUG_INFO = INCLUDE_SOURCE;
				MTL_FAST_MATH = YES;
				ONLY_ACTIVE_ARCH = YES;
				SDKROOT = macosx;
			};
			name = Debug;
		};
		2B44BF1B2930BBBF00CC20EA /* Release */ = {
			isa = XCBuildConfiguration;
			buildSettings = {
				ALWAYS_SEARCH_USER_PATHS = NO;
				CLANG_ANALYZER_NONNULL = YES;
				CLANG_ANALYZER_NUMBER_OBJECT_CONVERSION = YES_AGGRESSIVE;
				CLANG_CXX_LANGUAGE_STANDARD = "gnu++17";
				CLANG_ENABLE_MODULES = YES;
				CLANG_ENABLE_OBJC_ARC = YES;
				CLANG_ENABLE_OBJC_WEAK = YES;
				CLANG_WARN_BLOCK_CAPTURE_AUTORELEASING = YES;
				CLANG_WARN_BOOL_CONVERSION = YES;
				CLANG_WARN_COMMA = YES;
				CLANG_WARN_CONSTANT_CONVERSION = YES;
				CLANG_WARN_DEPRECATED_OBJC_IMPLEMENTATIONS = YES;
				CLANG_WARN_DIRECT_OBJC_ISA_USAGE = YES_ERROR;
				CLANG_WARN_DOCUMENTATION_COMMENTS = YES;
				CLANG_WARN_EMPTY_BODY = YES;
				CLANG_WARN_ENUM_CONVERSION = YES;
				CLANG_WARN_INFINITE_RECURSION = YES;
				CLANG_WARN_INT_CONVERSION = YES;
				CLANG_WARN_NON_LITERAL_NULL_CONVERSION = YES;
				CLANG_WARN_OBJC_IMPLICIT_RETAIN_SELF = YES;
				CLANG_WARN_OBJC_LITERAL_CONVERSION = YES;
				CLANG_WARN_OBJC_ROOT_CLASS = YES_ERROR;
				CLANG_WARN_QUOTED_INCLUDE_IN_FRAMEWORK_HEADER = YES;
				CLANG_WARN_RANGE_LOOP_ANALYSIS = YES;
				CLANG_WARN_STRICT_PROTOTYPES = YES;
				CLANG_WARN_SUSPICIOUS_MOVE = YES;
				CLANG_WARN_UNGUARDED_AVAILABILITY = YES_AGGRESSIVE;
				CLANG_WARN_UNREACHABLE_CODE = YES;
				CLANG_WARN__DUPLICATE_METHOD_MATCH = YES;
				COPY_PHASE_STRIP = NO;
				DEBUG_INFORMATION_FORMAT = "dwarf-with-dsym";
				ENABLE_NS_ASSERTIONS = NO;
				ENABLE_STRICT_OBJC_MSGSEND = YES;
				GCC_C_LANGUAGE_STANDARD = gnu11;
				GCC_NO_COMMON_BLOCKS = YES;
				GCC_WARN_64_TO_32_BIT_CONVERSION = YES;
				GCC_WARN_ABOUT_RETURN_TYPE = YES_ERROR;
				GCC_WARN_UNDECLARED_SELECTOR = YES;
				GCC_WARN_UNINITIALIZED_AUTOS = YES_AGGRESSIVE;
				GCC_WARN_UNUSED_FUNCTION = YES;
				GCC_WARN_UNUSED_VARIABLE = YES;
				MACOSX_DEPLOYMENT_TARGET = 12.3;
				MTL_ENABLE_DEBUG_INFO = NO;
				MTL_FAST_MATH = YES;
				SDKROOT = macosx;
			};
			name = Release;
		};
		2B44BF1D2930BBBF00CC20EA /* Debug */ = {
			isa = XCBuildConfiguration;
			buildSettings = {
				CODE_SIGN_STYLE = Automatic;
				DEVELOPMENT_TEAM = G4B7ZBVBTD;
				ENABLE_HARDENED_RUNTIME = YES;
				HEADER_SEARCH_PATHS = (
					../../Common,
					../../Test,
				);
				PRODUCT_NAME = "$(TARGET_NAME)";
			};
			name = Debug;
		};
		2B44BF1E2930BBBF00CC20EA /* Release */ = {
			isa = XCBuildConfiguration;
			buildSettings = {
				CODE_SIGN_STYLE = Automatic;
				DEVELOPMENT_TEAM = G4B7ZBVBTD;
				ENABLE_HARDENED_RUNTIME = YES;
				HEADER_SEARCH_PATHS = (
					../../Common,
					../../Test,
				);
				PRODUCT_NAME = "$(TARGET_NAME)";
			};
			name = Release;
		};
/* End XCBuildConfiguration section */

/* Begin XCConfigurationList section */
		2B44BF102930BBBF00CC20EA /* Build configuration list for PBXProject "01_BufferViewer_mac" */ = {
			isa = XCConfigurationList;
			buildConfigurations = (
				2B44BF1A2930BBBF00CC20EA /* Debug */,
				2B44BF1B2930BBBF00CC20EA /* Release */,
			);
			defaultConfigurationIsVisible = 0;
			defaultConfigurationName = Release;
		};
		2B44BF1C2930BBBF00CC20EA /* Build configuration list for PBXNativeTarget "01_BufferViewer" */ = {
			isa = XCConfigurationList;
			buildConfigurations = (
				2B44BF1D2930BBBF00CC20EA /* Debug */,
				2B44BF1E2930BBBF00CC20EA /* Release */,
			);
			defaultConfigurationIsVisible = 0;
			defaultConfigurationName = Release;
		};
/* End XCConfigurationList section */
	};
	rootObject = 2B44BF0D2930BBBF00CC20EA /* Project object */;
}
