// !$*UTF8*$!
{
	archiveVersion = 1;
	classes = {
	};
	objectVersion = 55;
	objects = {

/* Begin PBXBuildFile section */
		2B4978132930BE2800F2949B /* AppDelegate.mm in Sources */ = {isa = PBXBuildFile; fileRef = 2B4978122930BE2800F2949B /* AppDelegate.mm */; };
		2B4978162930BE2800F2949B /* SceneDelegate.m in Sources */ = {isa = PBXBuildFile; fileRef = 2B4978152930BE2800F2949B /* SceneDelegate.m */; };
		2B4978192930BE2800F2949B /* ViewController.m in Sources */ = {isa = PBXBuildFile; fileRef = 2B4978182930BE2800F2949B /* ViewController.m */; };
		2B49781C2930BE2800F2949B /* Main.storyboard in Resources */ = {isa = PBXBuildFile; fileRef = 2B49781A2930BE2800F2949B /* Main.storyboard */; };
		2B49781E2930BE2A00F2949B /* Assets.xcassets in Resources */ = {isa = PBXBuildFile; fileRef = 2B49781D2930BE2A00F2949B /* Assets.xcassets */; };
		2B4978212930BE2A00F2949B /* LaunchScreen.storyboard in Resources */ = {isa = PBXBuildFile; fileRef = 2B49781F2930BE2A00F2949B /* LaunchScreen.storyboard */; };
		2B4978242930BE2A00F2949B /* main.m in Sources */ = {isa = PBXBuildFile; fileRef = 2B4978232930BE2A00F2949B /* main.m */; };
		2B4978312930C1AA00F2949B /* DXP.cpp in Sources */ = {isa = PBXBuildFile; fileRef = 2B4978302930C1AA00F2949B /* DXP.cpp */; };
/* End PBXBuildFile section */

/* Begin PBXFileReference section */
		2B49780E2930BE2800F2949B /* HelloWorld.app */ = {isa = PBXFileReference; explicitFileType = wrapper.application; includeInIndex = 0; path = HelloWorld.app; sourceTree = BUILT_PRODUCTS_DIR; };
		2B4978112930BE2800F2949B /* AppDelegate.h */ = {isa = PBXFileReference; lastKnownFileType = sourcecode.c.h; path = AppDelegate.h; sourceTree = "<group>"; };
		2B4978122930BE2800F2949B /* AppDelegate.mm */ = {isa = PBXFileReference; lastKnownFileType = sourcecode.cpp.objcpp; path = AppDelegate.mm; sourceTree = "<group>"; };
		2B4978142930BE2800F2949B /* SceneDelegate.h */ = {isa = PBXFileReference; lastKnownFileType = sourcecode.c.h; path = SceneDelegate.h; sourceTree = "<group>"; };
		2B4978152930BE2800F2949B /* SceneDelegate.m */ = {isa = PBXFileReference; lastKnownFileType = sourcecode.c.objc; path = SceneDelegate.m; sourceTree = "<group>"; };
		2B4978172930BE2800F2949B /* ViewController.h */ = {isa = PBXFileReference; lastKnownFileType = sourcecode.c.h; path = ViewController.h; sourceTree = "<group>"; };
		2B4978182930BE2800F2949B /* ViewController.m */ = {isa = PBXFileReference; lastKnownFileType = sourcecode.c.objc; path = ViewController.m; sourceTree = "<group>"; };
		2B49781B2930BE2800F2949B /* Base */ = {isa = PBXFileReference; lastKnownFileType = file.storyboard; name = Base; path = Base.lproj/Main.storyboard; sourceTree = "<group>"; };
		2B49781D2930BE2A00F2949B /* Assets.xcassets */ = {isa = PBXFileReference; lastKnownFileType = folder.assetcatalog; path = Assets.xcassets; sourceTree = "<group>"; };
		2B4978202930BE2A00F2949B /* Base */ = {isa = PBXFileReference; lastKnownFileType = file.storyboard; name = Base; path = Base.lproj/LaunchScreen.storyboard; sourceTree = "<group>"; };
		2B4978222930BE2A00F2949B /* Info.plist */ = {isa = PBXFileReference; lastKnownFileType = text.plist.xml; path = Info.plist; sourceTree = "<group>"; };
		2B4978232930BE2A00F2949B /* main.m */ = {isa = PBXFileReference; lastKnownFileType = sourcecode.c.objc; path = main.m; sourceTree = "<group>"; };
		2B49782B2930C18C00F2949B /* DTypes.h */ = {isa = PBXFileReference; fileEncoding = 4; lastKnownFileType = sourcecode.c.h; name = DTypes.h; path = ../../Common/DTypes.h; sourceTree = "<group>"; };
		2B49782C2930C18C00F2949B /* DConfig_iOS.h */ = {isa = PBXFileReference; fileEncoding = 4; lastKnownFileType = sourcecode.c.h; name = DConfig_iOS.h; path = ../../Common/DConfig_iOS.h; sourceTree = "<group>"; };
		2B49782D2930C18C00F2949B /* DConfig.h */ = {isa = PBXFileReference; fileEncoding = 4; lastKnownFileType = sourcecode.c.h; name = DConfig.h; path = ../../Common/DConfig.h; sourceTree = "<group>"; };
		2B49782F2930C1AA00F2949B /* DXP.h */ = {isa = PBXFileReference; fileEncoding = 4; lastKnownFileType = sourcecode.c.h; name = DXP.h; path = ../../Common/Base/DXP.h; sourceTree = "<group>"; };
		2B4978302930C1AA00F2949B /* DXP.cpp */ = {isa = PBXFileReference; fileEncoding = 4; lastKnownFileType = sourcecode.cpp.cpp; name = DXP.cpp; path = ../../Common/Base/DXP.cpp; sourceTree = "<group>"; };
/* End PBXFileReference section */

/* Begin PBXFrameworksBuildPhase section */
		2B49780B2930BE2800F2949B /* Frameworks */ = {
			isa = PBXFrameworksBuildPhase;
			buildActionMask = 2147483647;
			files = (
			);
			runOnlyForDeploymentPostprocessing = 0;
		};
/* End PBXFrameworksBuildPhase section */

/* Begin PBXGroup section */
		2B4978052930BE2800F2949B = {
			isa = PBXGroup;
			children = (
				2B49782A2930C15800F2949B /* Common */,
				2B4978102930BE2800F2949B /* HelloWorld */,
				2B49780F2930BE2800F2949B /* Products */,
			);
			sourceTree = "<group>";
		};
		2B49780F2930BE2800F2949B /* Products */ = {
			isa = PBXGroup;
			children = (
				2B49780E2930BE2800F2949B /* HelloWorld.app */,
			);
			name = Products;
			sourceTree = "<group>";
		};
		2B4978102930BE2800F2949B /* HelloWorld */ = {
			isa = PBXGroup;
			children = (
				2B4978112930BE2800F2949B /* AppDelegate.h */,
				2B4978122930BE2800F2949B /* AppDelegate.mm */,
				2B4978142930BE2800F2949B /* SceneDelegate.h */,
				2B4978152930BE2800F2949B /* SceneDelegate.m */,
				2B4978172930BE2800F2949B /* ViewController.h */,
				2B4978182930BE2800F2949B /* ViewController.m */,
				2B49781A2930BE2800F2949B /* Main.storyboard */,
				2B49781D2930BE2A00F2949B /* Assets.xcassets */,
				2B49781F2930BE2A00F2949B /* LaunchScreen.storyboard */,
				2B4978222930BE2A00F2949B /* Info.plist */,
				2B4978232930BE2A00F2949B /* main.m */,
			);
			path = HelloWorld;
			sourceTree = "<group>";
		};
		2B49782A2930C15800F2949B /* Common */ = {
			isa = PBXGroup;
			children = (
				2B49782E2930C19000F2949B /* Base */,
				2B49782C2930C18C00F2949B /* DConfig_iOS.h */,
				2B49782D2930C18C00F2949B /* DConfig.h */,
				2B49782B2930C18C00F2949B /* DTypes.h */,
			);
			name = Common;
			sourceTree = "<group>";
		};
		2B49782E2930C19000F2949B /* Base */ = {
			isa = PBXGroup;
			children = (
				2B4978302930C1AA00F2949B /* DXP.cpp */,
				2B49782F2930C1AA00F2949B /* DXP.h */,
			);
			name = Base;
			sourceTree = "<group>";
		};
/* End PBXGroup section */

/* Begin PBXNativeTarget section */
		2B49780D2930BE2800F2949B /* HelloWorld */ = {
			isa = PBXNativeTarget;
			buildConfigurationList = 2B4978272930BE2A00F2949B /* Build configuration list for PBXNativeTarget "HelloWorld" */;
			buildPhases = (
				2B49780A2930BE2800F2949B /* Sources */,
				2B49780B2930BE2800F2949B /* Frameworks */,
				2B49780C2930BE2800F2949B /* Resources */,
			);
			buildRules = (
			);
			dependencies = (
			);
			name = HelloWorld;
			productName = HelloWorld;
			productReference = 2B49780E2930BE2800F2949B /* HelloWorld.app */;
			productType = "com.apple.product-type.application";
		};
/* End PBXNativeTarget section */

/* Begin PBXProject section */
		2B4978062930BE2800F2949B /* Project object */ = {
			isa = PBXProject;
			attributes = {
				BuildIndependentTargetsInParallel = 1;
				LastUpgradeCheck = 1340;
				TargetAttributes = {
					2B49780D2930BE2800F2949B = {
						CreatedOnToolsVersion = 13.4.1;
					};
				};
			};
			buildConfigurationList = 2B4978092930BE2800F2949B /* Build configuration list for PBXProject "00_HelloWorld_iOS" */;
			compatibilityVersion = "Xcode 13.0";
			developmentRegion = en;
			hasScannedForEncodings = 0;
			knownRegions = (
				en,
				Base,
			);
			mainGroup = 2B4978052930BE2800F2949B;
			productRefGroup = 2B49780F2930BE2800F2949B /* Products */;
			projectDirPath = "";
			projectRoot = "";
			targets = (
				2B49780D2930BE2800F2949B /* HelloWorld */,
			);
		};
/* End PBXProject section */

/* Begin PBXResourcesBuildPhase section */
		2B49780C2930BE2800F2949B /* Resources */ = {
			isa = PBXResourcesBuildPhase;
			buildActionMask = 2147483647;
			files = (
				2B4978212930BE2A00F2949B /* LaunchScreen.storyboard in Resources */,
				2B49781E2930BE2A00F2949B /* Assets.xcassets in Resources */,
				2B49781C2930BE2800F2949B /* Main.storyboard in Resources */,
			);
			runOnlyForDeploymentPostprocessing = 0;
		};
/* End PBXResourcesBuildPhase section */

/* Begin PBXSourcesBuildPhase section */
		2B49780A2930BE2800F2949B /* Sources */ = {
			isa = PBXSourcesBuildPhase;
			buildActionMask = 2147483647;
			files = (
				2B4978192930BE2800F2949B /* ViewController.m in Sources */,
				2B4978132930BE2800F2949B /* AppDelegate.mm in Sources */,
				2B4978312930C1AA00F2949B /* DXP.cpp in Sources */,
				2B4978242930BE2A00F2949B /* main.m in Sources */,
				2B4978162930BE2800F2949B /* SceneDelegate.m in Sources */,
			);
			runOnlyForDeploymentPostprocessing = 0;
		};
/* End PBXSourcesBuildPhase section */

/* Begin PBXVariantGroup section */
		2B49781A2930BE2800F2949B /* Main.storyboard */ = {
			isa = PBXVariantGroup;
			children = (
				2B49781B2930BE2800F2949B /* Base */,
			);
			name = Main.storyboard;
			sourceTree = "<group>";
		};
		2B49781F2930BE2A00F2949B /* LaunchScreen.storyboard */ = {
			isa = PBXVariantGroup;
			children = (
				2B4978202930BE2A00F2949B /* Base */,
			);
			name = LaunchScreen.storyboard;
			sourceTree = "<group>";
		};
/* End PBXVariantGroup section */

/* Begin XCBuildConfiguration section */
		2B4978252930BE2A00F2949B /* Debug */ = {
			isa = XCBuildConfiguration;
			buildSettings = {
				ALWAYS_SEARCH_USER_PATHS = NO;
				CLANG_ANALYZER_NONNULL = YES;
				CLANG_ANALYZER_NUMBER_OBJECT_CONVERSION = YES_AGGRESSIVE;
				CLANG_CXX_LANGUAGE_STANDARD = "gnu++17";
				CLANG_ENABLE_MODULES = YES;
				CLANG_ENABLE_OBJC_ARC = YES;
				CLANG_ENABLE_OBJC_WEAK = YES;
				CLANG_WARN_BLOCK_CAPTURE_AUTORELEASING = YES;
				CLANG_WARN_BOOL_CONVERSION = YES;
				CLANG_WARN_COMMA = YES;
				CLANG_WARN_CONSTANT_CONVERSION = YES;
				CLANG_WARN_DEPRECATED_OBJC_IMPLEMENTATIONS = YES;
				CLANG_WARN_DIRECT_OBJC_ISA_USAGE = YES_ERROR;
				CLANG_WARN_DOCUMENTATION_COMMENTS = YES;
				CLANG_WARN_EMPTY_BODY = YES;
				CLANG_WARN_ENUM_CONVERSION = YES;
				CLANG_WARN_INFINITE_RECURSION = YES;
				CLANG_WARN_INT_CONVERSION = YES;
				CLANG_WARN_NON_LITERAL_NULL_CONVERSION = YES;
				CLANG_WARN_OBJC_IMPLICIT_RETAIN_SELF = YES;
				CLANG_WARN_OBJC_LITERAL_CONVERSION = YES;
				CLANG_WARN_OBJC_ROOT_CLASS = YES_ERROR;
				CLANG_WARN_QUOTED_INCLUDE_IN_FRAMEWORK_HEADER = YES;
				CLANG_WARN_RANGE_LOOP_ANALYSIS = YES;
				CLANG_WARN_STRICT_PROTOTYPES = YES;
				CLANG_WARN_SUSPICIOUS_MOVE = YES;
				CLANG_WARN_UNGUARDED_AVAILABILITY = YES_AGGRESSIVE;
				CLANG_WARN_UNREACHABLE_CODE = YES;
				CLANG_WARN__DUPLICATE_METHOD_MATCH = YES;
				COPY_PHASE_STRIP = NO;
				DEBUG_INFORMATION_FORMAT = dwarf;
				ENABLE_STRICT_OBJC_MSGSEND = YES;
				ENABLE_TESTABILITY = YES;
				GCC_C_LANGUAGE_STANDARD = gnu11;
				GCC_DYNAMIC_NO_PIC = NO;
				GCC_NO_COMMON_BLOCKS = YES;
				GCC_OPTIMIZATION_LEVEL = 0;
				GCC_PREPROCESSOR_DEFINITIONS = (
					"DEBUG=1",
					"$(inherited)",
				);
				GCC_WARN_64_TO_32_BIT_CONVERSION = YES;
				GCC_WARN_ABOUT_RETURN_TYPE = YES_ERROR;
				GCC_WARN_UNDECLARED_SELECTOR = YES;
				GCC_WARN_UNINITIALIZED_AUTOS = YES_AGGRESSIVE;
				GCC_WARN_UNUSED_FUNCTION = YES;
				GCC_WARN_UNUSED_VARIABLE = YES;
				IPHONEOS_DEPLOYMENT_TARGET = 15.5;
				MTL_ENABLE_DEBUG_INFO = INCLUDE_SOURCE;
				MTL_FAST_MATH = YES;
				ONLY_ACTIVE_ARCH = YES;
				SDKROOT = iphoneos;
			};
			name = Debug;
		};
		2B4978262930BE2A00F2949B /* Release */ = {
			isa = XCBuildConfiguration;
			buildSettings = {
				ALWAYS_SEARCH_USER_PATHS = NO;
				CLANG_ANALYZER_NONNULL = YES;
				CLANG_ANALYZER_NUMBER_OBJECT_CONVERSION = YES_AGGRESSIVE;
				CLANG_CXX_LANGUAGE_STANDARD = "gnu++17";
				CLANG_ENABLE_MODULES = YES;
				CLANG_ENABLE_OBJC_ARC = YES;
				CLANG_ENABLE_OBJC_WEAK = YES;
				CLANG_WARN_BLOCK_CAPTURE_AUTORELEASING = YES;
				CLANG_WARN_BOOL_CONVERSION = YES;
				CLANG_WARN_COMMA = YES;
				CLANG_WARN_CONSTANT_CONVERSION = YES;
				CLANG_WARN_DEPRECATED_OBJC_IMPLEMENTATIONS = YES;
				CLANG_WARN_DIRECT_OBJC_ISA_USAGE = YES_ERROR;
				CLANG_WARN_DOCUMENTATION_COMMENTS = YES;
				CLANG_WARN_EMPTY_BODY = YES;
				CLANG_WARN_ENUM_CONVERSION = YES;
				CLANG_WARN_INFINITE_RECURSION = YES;
				CLANG_WARN_INT_CONVERSION = YES;
				CLANG_WARN_NON_LITERAL_NULL_CONVERSION = YES;
				CLANG_WARN_OBJC_IMPLICIT_RETAIN_SELF = YES;
				CLANG_WARN_OBJC_LITERAL_CONVERSION = YES;
				CLANG_WARN_OBJC_ROOT_CLASS = YES_ERROR;
				CLANG_WARN_QUOTED_INCLUDE_IN_FRAMEWORK_HEADER = YES;
				CLANG_WARN_RANGE_LOOP_ANALYSIS = YES;
				CLANG_WARN_STRICT_PROTOTYPES = YES;
				CLANG_WARN_SUSPICIOUS_MOVE = YES;
				CLANG_WARN_UNGUARDED_AVAILABILITY = YES_AGGRESSIVE;
				CLANG_WARN_UNREACHABLE_CODE = YES;
				CLANG_WARN__DUPLICATE_METHOD_MATCH = YES;
				COPY_PHASE_STRIP = NO;
				DEBUG_INFORMATION_FORMAT = "dwarf-with-dsym";
				ENABLE_NS_ASSERTIONS = NO;
				ENABLE_STRICT_OBJC_MSGSEND = YES;
				GCC_C_LANGUAGE_STANDARD = gnu11;
				GCC_NO_COMMON_BLOCKS = YES;
				GCC_WARN_64_TO_32_BIT_CONVERSION = YES;
				GCC_WARN_ABOUT_RETURN_TYPE = YES_ERROR;
				GCC_WARN_UNDECLARED_SELECTOR = YES;
				GCC_WARN_UNINITIALIZED_AUTOS = YES_AGGRESSIVE;
				GCC_WARN_UNUSED_FUNCTION = YES;
				GCC_WARN_UNUSED_VARIABLE = YES;
				IPHONEOS_DEPLOYMENT_TARGET = 15.5;
				MTL_ENABLE_DEBUG_INFO = NO;
				MTL_FAST_MATH = YES;
				SDKROOT = iphoneos;
				VALIDATE_PRODUCT = YES;
			};
			name = Release;
		};
		2B4978282930BE2A00F2949B /* Debug */ = {
			isa = XCBuildConfiguration;
			buildSettings = {
				ASSETCATALOG_COMPILER_APPICON_NAME = AppIcon;
				ASSETCATALOG_COMPILER_GLOBAL_ACCENT_COLOR_NAME = AccentColor;
				CODE_SIGN_STYLE = Automatic;
				CURRENT_PROJECT_VERSION = 1;
				DEVELOPMENT_TEAM = G4B7ZBVBTD;
				GENERATE_INFOPLIST_FILE = YES;
				HEADER_SEARCH_PATHS = ../../Common;
				INFOPLIST_FILE = HelloWorld/Info.plist;
				INFOPLIST_KEY_UIApplicationSupportsIndirectInputEvents = YES;
				INFOPLIST_KEY_UILaunchStoryboardName = LaunchScreen;
				INFOPLIST_KEY_UIMainStoryboardFile = Main;
				INFOPLIST_KEY_UISupportedInterfaceOrientations_iPad = "UIInterfaceOrientationPortrait UIInterfaceOrientationPortraitUpsideDown UIInterfaceOrientationLandscapeLeft UIInterfaceOrientationLandscapeRight";
				INFOPLIST_KEY_UISupportedInterfaceOrientations_iPhone = "UIInterfaceOrientationPortrait UIInterfaceOrientationLandscapeLeft UIInterfaceOrientationLandscapeRight";
				LD_RUNPATH_SEARCH_PATHS = (
					"$(inherited)",
					"@executable_path/Frameworks",
				);
				MARKETING_VERSION = 1.0;
				PRODUCT_BUNDLE_IDENTIFIER = com.rtcbook.ios.ch1.HelloWorld;
				PRODUCT_NAME = "$(TARGET_NAME)";
				SWIFT_EMIT_LOC_STRINGS = YES;
				TARGETED_DEVICE_FAMILY = "1,2";
			};
			name = Debug;
		};
		2B4978292930BE2A00F2949B /* Release */ = {
			isa = XCBuildConfiguration;
			buildSettings = {
				ASSETCATALOG_COMPILER_APPICON_NAME = AppIcon;
				ASSETCATALOG_COMPILER_GLOBAL_ACCENT_COLOR_NAME = AccentColor;
				CODE_SIGN_STYLE = Automatic;
				CURRENT_PROJECT_VERSION = 1;
				DEVELOPMENT_TEAM = G4B7ZBVBTD;
				GENERATE_INFOPLIST_FILE = YES;
				HEADER_SEARCH_PATHS = ../../Common;
				INFOPLIST_FILE = HelloWorld/Info.plist;
				INFOPLIST_KEY_UIApplicationSupportsIndirectInputEvents = YES;
				INFOPLIST_KEY_UILaunchStoryboardName = LaunchScreen;
				INFOPLIST_KEY_UIMainStoryboardFile = Main;
				INFOPLIST_KEY_UISupportedInterfaceOrientations_iPad = "UIInterfaceOrientationPortrait UIInterfaceOrientationPortraitUpsideDown UIInterfaceOrientationLandscapeLeft UIInterfaceOrientationLandscapeRight";
				INFOPLIST_KEY_UISupportedInterfaceOrientations_iPhone = "UIInterfaceOrientationPortrait UIInterfaceOrientationLandscapeLeft UIInterfaceOrientationLandscapeRight";
				LD_RUNPATH_SEARCH_PATHS = (
					"$(inherited)",
					"@executable_path/Frameworks",
				);
				MARKETING_VERSION = 1.0;
				PRODUCT_BUNDLE_IDENTIFIER = com.rtcbook.ios.ch1.HelloWorld;
				PRODUCT_NAME = "$(TARGET_NAME)";
				SWIFT_EMIT_LOC_STRINGS = YES;
				TARGETED_DEVICE_FAMILY = "1,2";
			};
			name = Release;
		};
/* End XCBuildConfiguration section */

/* Begin XCConfigurationList section */
		2B4978092930BE2800F2949B /* Build configuration list for PBXProject "00_HelloWorld_iOS" */ = {
			isa = XCConfigurationList;
			buildConfigurations = (
				2B4978252930BE2A00F2949B /* Debug */,
				2B4978262930BE2A00F2949B /* Release */,
			);
			defaultConfigurationIsVisible = 0;
			defaultConfigurationName = Release;
		};
		2B4978272930BE2A00F2949B /* Build configuration list for PBXNativeTarget "HelloWorld" */ = {
			isa = XCConfigurationList;
			buildConfigurations = (
				2B4978282930BE2A00F2949B /* Debug */,
				2B4978292930BE2A00F2949B /* Release */,
			);
			defaultConfigurationIsVisible = 0;
			defaultConfigurationName = Release;
		};
/* End XCConfigurationList section */
	};
	rootObject = 2B4978062930BE2800F2949B /* Project object */;
}
