// !$*UTF8*$!
{
	archiveVersion = 1;
	classes = {
	};
	objectVersion = 55;
	objects = {

/* Begin PBXBuildFile section */
		2BF2FBB829421B1700CF9AB3 /* AppDelegate.mm in Sources */ = {isa = PBXBuildFile; fileRef = 2BF2FBB729421B1700CF9AB3 /* AppDelegate.mm */; };
		2BF2FBBB29421B1700CF9AB3 /* SceneDelegate.m in Sources */ = {isa = PBXBuildFile; fileRef = 2BF2FBBA29421B1700CF9AB3 /* SceneDelegate.m */; };
		2BF2FBBE29421B1700CF9AB3 /* ViewController.m in Sources */ = {isa = PBXBuildFile; fileRef = 2BF2FBBD29421B1700CF9AB3 /* ViewController.m */; };
		2BF2FBC129421B1700CF9AB3 /* Main.storyboard in Resources */ = {isa = PBXBuildFile; fileRef = 2BF2FBBF29421B1700CF9AB3 /* Main.storyboard */; };
		2BF2FBC329421B1A00CF9AB3 /* Assets.xcassets in Resources */ = {isa = PBXBuildFile; fileRef = 2BF2FBC229421B1A00CF9AB3 /* Assets.xcassets */; };
		2BF2FBC629421B1A00CF9AB3 /* LaunchScreen.storyboard in Resources */ = {isa = PBXBuildFile; fileRef = 2BF2FBC429421B1A00CF9AB3 /* LaunchScreen.storyboard */; };
		2BF2FBC929421B1A00CF9AB3 /* main.m in Sources */ = {isa = PBXBuildFile; fileRef = 2BF2FBC829421B1A00CF9AB3 /* main.m */; };
		2BF2FBD329421BB000CF9AB3 /* DIOSCamera.mm in Sources */ = {isa = PBXBuildFile; fileRef = 2BF2FBD129421BB000CF9AB3 /* DIOSCamera.mm */; };
		2BF2FBD629421C5F00CF9AB3 /* AVFoundation.framework in Frameworks */ = {isa = PBXBuildFile; fileRef = 2BF2FBD529421C5F00CF9AB3 /* AVFoundation.framework */; };
/* End PBXBuildFile section */

/* Begin PBXFileReference section */
		2BF2FBB329421B1700CF9AB3 /* 02_CaptureDevice_ios.app */ = {isa = PBXFileReference; explicitFileType = wrapper.application; includeInIndex = 0; path = 02_CaptureDevice_ios.app; sourceTree = BUILT_PRODUCTS_DIR; };
		2BF2FBB629421B1700CF9AB3 /* AppDelegate.h */ = {isa = PBXFileReference; lastKnownFileType = sourcecode.c.h; path = AppDelegate.h; sourceTree = "<group>"; };
		2BF2FBB729421B1700CF9AB3 /* AppDelegate.mm */ = {isa = PBXFileReference; lastKnownFileType = sourcecode.cpp.objcpp; path = AppDelegate.mm; sourceTree = "<group>"; };
		2BF2FBB929421B1700CF9AB3 /* SceneDelegate.h */ = {isa = PBXFileReference; lastKnownFileType = sourcecode.c.h; path = SceneDelegate.h; sourceTree = "<group>"; };
		2BF2FBBA29421B1700CF9AB3 /* SceneDelegate.m */ = {isa = PBXFileReference; lastKnownFileType = sourcecode.c.objc; path = SceneDelegate.m; sourceTree = "<group>"; };
		2BF2FBBC29421B1700CF9AB3 /* ViewController.h */ = {isa = PBXFileReference; lastKnownFileType = sourcecode.c.h; path = ViewController.h; sourceTree = "<group>"; };
		2BF2FBBD29421B1700CF9AB3 /* ViewController.m */ = {isa = PBXFileReference; lastKnownFileType = sourcecode.c.objc; path = ViewController.m; sourceTree = "<group>"; };
		2BF2FBC029421B1700CF9AB3 /* Base */ = {isa = PBXFileReference; lastKnownFileType = file.storyboard; name = Base; path = Base.lproj/Main.storyboard; sourceTree = "<group>"; };
		2BF2FBC229421B1A00CF9AB3 /* Assets.xcassets */ = {isa = PBXFileReference; lastKnownFileType = folder.assetcatalog; path = Assets.xcassets; sourceTree = "<group>"; };
		2BF2FBC529421B1A00CF9AB3 /* Base */ = {isa = PBXFileReference; lastKnownFileType = file.storyboard; name = Base; path = Base.lproj/LaunchScreen.storyboard; sourceTree = "<group>"; };
		2BF2FBC729421B1A00CF9AB3 /* Info.plist */ = {isa = PBXFileReference; lastKnownFileType = text.plist.xml; path = Info.plist; sourceTree = "<group>"; };
		2BF2FBC829421B1A00CF9AB3 /* main.m */ = {isa = PBXFileReference; lastKnownFileType = sourcecode.c.objc; path = main.m; sourceTree = "<group>"; };
		2BF2FBD129421BB000CF9AB3 /* DIOSCamera.mm */ = {isa = PBXFileReference; fileEncoding = 4; lastKnownFileType = sourcecode.cpp.objcpp; name = DIOSCamera.mm; path = ../../../Common/OCBridge/DIOSCamera.mm; sourceTree = "<group>"; };
		2BF2FBD229421BB000CF9AB3 /* DIOSCamera.h */ = {isa = PBXFileReference; fileEncoding = 4; lastKnownFileType = sourcecode.c.h; name = DIOSCamera.h; path = ../../../Common/OCBridge/DIOSCamera.h; sourceTree = "<group>"; };
		2BF2FBD529421C5F00CF9AB3 /* AVFoundation.framework */ = {isa = PBXFileReference; lastKnownFileType = wrapper.framework; name = AVFoundation.framework; path = System/Library/Frameworks/AVFoundation.framework; sourceTree = SDKROOT; };
/* End PBXFileReference section */

/* Begin PBXFrameworksBuildPhase section */
		2BF2FBB029421B1700CF9AB3 /* Frameworks */ = {
			isa = PBXFrameworksBuildPhase;
			buildActionMask = 2147483647;
			files = (
				2BF2FBD629421C5F00CF9AB3 /* AVFoundation.framework in Frameworks */,
			);
			runOnlyForDeploymentPostprocessing = 0;
		};
/* End PBXFrameworksBuildPhase section */

/* Begin PBXGroup section */
		2BF2FBAA29421B1700CF9AB3 = {
			isa = PBXGroup;
			children = (
				2BF2FBB529421B1700CF9AB3 /* 02_CaptureDevice_ios */,
				2BF2FBB429421B1700CF9AB3 /* Products */,
				2BF2FBD429421C5F00CF9AB3 /* Frameworks */,
			);
			sourceTree = "<group>";
		};
		2BF2FBB429421B1700CF9AB3 /* Products */ = {
			isa = PBXGroup;
			children = (
				2BF2FBB329421B1700CF9AB3 /* 02_CaptureDevice_ios.app */,
			);
			name = Products;
			sourceTree = "<group>";
		};
		2BF2FBB529421B1700CF9AB3 /* 02_CaptureDevice_ios */ = {
			isa = PBXGroup;
			children = (
				2BF2FBCF29421B4800CF9AB3 /* Common */,
				2BF2FBB629421B1700CF9AB3 /* AppDelegate.h */,
				2BF2FBB729421B1700CF9AB3 /* AppDelegate.mm */,
				2BF2FBB929421B1700CF9AB3 /* SceneDelegate.h */,
				2BF2FBBA29421B1700CF9AB3 /* SceneDelegate.m */,
				2BF2FBBC29421B1700CF9AB3 /* ViewController.h */,
				2BF2FBBD29421B1700CF9AB3 /* ViewController.m */,
				2BF2FBBF29421B1700CF9AB3 /* Main.storyboard */,
				2BF2FBC229421B1A00CF9AB3 /* Assets.xcassets */,
				2BF2FBC429421B1A00CF9AB3 /* LaunchScreen.storyboard */,
				2BF2FBC729421B1A00CF9AB3 /* Info.plist */,
				2BF2FBC829421B1A00CF9AB3 /* main.m */,
			);
			path = 02_CaptureDevice_ios;
			sourceTree = "<group>";
		};
		2BF2FBCF29421B4800CF9AB3 /* Common */ = {
			isa = PBXGroup;
			children = (
				2BF2FBD029421B4F00CF9AB3 /* OCBridge */,
			);
			name = Common;
			sourceTree = "<group>";
		};
		2BF2FBD029421B4F00CF9AB3 /* OCBridge */ = {
			isa = PBXGroup;
			children = (
				2BF2FBD229421BB000CF9AB3 /* DIOSCamera.h */,
				2BF2FBD129421BB000CF9AB3 /* DIOSCamera.mm */,
			);
			name = OCBridge;
			sourceTree = "<group>";
		};
		2BF2FBD429421C5F00CF9AB3 /* Frameworks */ = {
			isa = PBXGroup;
			children = (
				2BF2FBD529421C5F00CF9AB3 /* AVFoundation.framework */,
			);
			name = Frameworks;
			sourceTree = "<group>";
		};
/* End PBXGroup section */

/* Begin PBXNativeTarget section */
		2BF2FBB229421B1700CF9AB3 /* 02_CaptureDevice_ios */ = {
			isa = PBXNativeTarget;
			buildConfigurationList = 2BF2FBCC29421B1A00CF9AB3 /* Build configuration list for PBXNativeTarget "02_CaptureDevice_ios" */;
			buildPhases = (
				2BF2FBAF29421B1700CF9AB3 /* Sources */,
				2BF2FBB029421B1700CF9AB3 /* Frameworks */,
				2BF2FBB129421B1700CF9AB3 /* Resources */,
			);
			buildRules = (
			);
			dependencies = (
			);
			name = 02_CaptureDevice_ios;
			productName = 02_CaptureDevice_ios;
			productReference = 2BF2FBB329421B1700CF9AB3 /* 02_CaptureDevice_ios.app */;
			productType = "com.apple.product-type.application";
		};
/* End PBXNativeTarget section */

/* Begin PBXProject section */
		2BF2FBAB29421B1700CF9AB3 /* Project object */ = {
			isa = PBXProject;
			attributes = {
				BuildIndependentTargetsInParallel = 1;
				LastUpgradeCheck = 1340;
				TargetAttributes = {
					2BF2FBB229421B1700CF9AB3 = {
						CreatedOnToolsVersion = 13.4.1;
					};
				};
			};
			buildConfigurationList = 2BF2FBAE29421B1700CF9AB3 /* Build configuration list for PBXProject "02_CaptureDevice_ios" */;
			compatibilityVersion = "Xcode 13.0";
			developmentRegion = en;
			hasScannedForEncodings = 0;
			knownRegions = (
				en,
				Base,
			);
			mainGroup = 2BF2FBAA29421B1700CF9AB3;
			productRefGroup = 2BF2FBB429421B1700CF9AB3 /* Products */;
			projectDirPath = "";
			projectRoot = "";
			targets = (
				2BF2FBB229421B1700CF9AB3 /* 02_CaptureDevice_ios */,
			);
		};
/* End PBXProject section */

/* Begin PBXResourcesBuildPhase section */
		2BF2FBB129421B1700CF9AB3 /* Resources */ = {
			isa = PBXResourcesBuildPhase;
			buildActionMask = 2147483647;
			files = (
				2BF2FBC629421B1A00CF9AB3 /* LaunchScreen.storyboard in Resources */,
				2BF2FBC329421B1A00CF9AB3 /* Assets.xcassets in Resources */,
				2BF2FBC129421B1700CF9AB3 /* Main.storyboard in Resources */,
			);
			runOnlyForDeploymentPostprocessing = 0;
		};
/* End PBXResourcesBuildPhase section */

/* Begin PBXSourcesBuildPhase section */
		2BF2FBAF29421B1700CF9AB3 /* Sources */ = {
			isa = PBXSourcesBuildPhase;
			buildActionMask = 2147483647;
			files = (
				2BF2FBBE29421B1700CF9AB3 /* ViewController.m in Sources */,
				2BF2FBB829421B1700CF9AB3 /* AppDelegate.mm in Sources */,
				2BF2FBC929421B1A00CF9AB3 /* main.m in Sources */,
				2BF2FBD329421BB000CF9AB3 /* DIOSCamera.mm in Sources */,
				2BF2FBBB29421B1700CF9AB3 /* SceneDelegate.m in Sources */,
			);
			runOnlyForDeploymentPostprocessing = 0;
		};
/* End PBXSourcesBuildPhase section */

/* Begin PBXVariantGroup section */
		2BF2FBBF29421B1700CF9AB3 /* Main.storyboard */ = {
			isa = PBXVariantGroup;
			children = (
				2BF2FBC029421B1700CF9AB3 /* Base */,
			);
			name = Main.storyboard;
			sourceTree = "<group>";
		};
		2BF2FBC429421B1A00CF9AB3 /* LaunchScreen.storyboard */ = {
			isa = PBXVariantGroup;
			children = (
				2BF2FBC529421B1A00CF9AB3 /* Base */,
			);
			name = LaunchScreen.storyboard;
			sourceTree = "<group>";
		};
/* End PBXVariantGroup section */

/* Begin XCBuildConfiguration section */
		2BF2FBCA29421B1A00CF9AB3 /* Debug */ = {
			isa = XCBuildConfiguration;
			buildSettings = {
				ALWAYS_SEARCH_USER_PATHS = NO;
				CLANG_ANALYZER_NONNULL = YES;
				CLANG_ANALYZER_NUMBER_OBJECT_CONVERSION = YES_AGGRESSIVE;
				CLANG_CXX_LANGUAGE_STANDARD = "gnu++17";
				CLANG_ENABLE_MODULES = YES;
				CLANG_ENABLE_OBJC_ARC = YES;
				CLANG_ENABLE_OBJC_WEAK = YES;
				CLANG_WARN_BLOCK_CAPTURE_AUTORELEASING = YES;
				CLANG_WARN_BOOL_CONVERSION = YES;
				CLANG_WARN_COMMA = YES;
				CLANG_WARN_CONSTANT_CONVERSION = YES;
				CLANG_WARN_DEPRECATED_OBJC_IMPLEMENTATIONS = YES;
				CLANG_WARN_DIRECT_OBJC_ISA_USAGE = YES_ERROR;
				CLANG_WARN_DOCUMENTATION_COMMENTS = YES;
				CLANG_WARN_EMPTY_BODY = YES;
				CLANG_WARN_ENUM_CONVERSION = YES;
				CLANG_WARN_INFINITE_RECURSION = YES;
				CLANG_WARN_INT_CONVERSION = YES;
				CLANG_WARN_NON_LITERAL_NULL_CONVERSION = YES;
				CLANG_WARN_OBJC_IMPLICIT_RETAIN_SELF = YES;
				CLANG_WARN_OBJC_LITERAL_CONVERSION = YES;
				CLANG_WARN_OBJC_ROOT_CLASS = YES_ERROR;
				CLANG_WARN_QUOTED_INCLUDE_IN_FRAMEWORK_HEADER = YES;
				CLANG_WARN_RANGE_LOOP_ANALYSIS = YES;
				CLANG_WARN_STRICT_PROTOTYPES = YES;
				CLANG_WARN_SUSPICIOUS_MOVE = YES;
				CLANG_WARN_UNGUARDED_AVAILABILITY = YES_AGGRESSIVE;
				CLANG_WARN_UNREACHABLE_CODE = YES;
				CLANG_WARN__DUPLICATE_METHOD_MATCH = YES;
				COPY_PHASE_STRIP = NO;
				DEBUG_INFORMATION_FORMAT = dwarf;
				ENABLE_STRICT_OBJC_MSGSEND = YES;
				ENABLE_TESTABILITY = YES;
				GCC_C_LANGUAGE_STANDARD = gnu11;
				GCC_DYNAMIC_NO_PIC = NO;
				GCC_NO_COMMON_BLOCKS = YES;
				GCC_OPTIMIZATION_LEVEL = 0;
				GCC_PREPROCESSOR_DEFINITIONS = (
					"DEBUG=1",
					"$(inherited)",
				);
				GCC_WARN_64_TO_32_BIT_CONVERSION = YES;
				GCC_WARN_ABOUT_RETURN_TYPE = YES_ERROR;
				GCC_WARN_UNDECLARED_SELECTOR = YES;
				GCC_WARN_UNINITIALIZED_AUTOS = YES_AGGRESSIVE;
				GCC_WARN_UNUSED_FUNCTION = YES;
				GCC_WARN_UNUSED_VARIABLE = YES;
				IPHONEOS_DEPLOYMENT_TARGET = 15.5;
				MTL_ENABLE_DEBUG_INFO = INCLUDE_SOURCE;
				MTL_FAST_MATH = YES;
				ONLY_ACTIVE_ARCH = YES;
				SDKROOT = iphoneos;
			};
			name = Debug;
		};
		2BF2FBCB29421B1A00CF9AB3 /* Release */ = {
			isa = XCBuildConfiguration;
			buildSettings = {
				ALWAYS_SEARCH_USER_PATHS = NO;
				CLANG_ANALYZER_NONNULL = YES;
				CLANG_ANALYZER_NUMBER_OBJECT_CONVERSION = YES_AGGRESSIVE;
				CLANG_CXX_LANGUAGE_STANDARD = "gnu++17";
				CLANG_ENABLE_MODULES = YES;
				CLANG_ENABLE_OBJC_ARC = YES;
				CLANG_ENABLE_OBJC_WEAK = YES;
				CLANG_WARN_BLOCK_CAPTURE_AUTORELEASING = YES;
				CLANG_WARN_BOOL_CONVERSION = YES;
				CLANG_WARN_COMMA = YES;
				CLANG_WARN_CONSTANT_CONVERSION = YES;
				CLANG_WARN_DEPRECATED_OBJC_IMPLEMENTATIONS = YES;
				CLANG_WARN_DIRECT_OBJC_ISA_USAGE = YES_ERROR;
				CLANG_WARN_DOCUMENTATION_COMMENTS = YES;
				CLANG_WARN_EMPTY_BODY = YES;
				CLANG_WARN_ENUM_CONVERSION = YES;
				CLANG_WARN_INFINITE_RECURSION = YES;
				CLANG_WARN_INT_CONVERSION = YES;
				CLANG_WARN_NON_LITERAL_NULL_CONVERSION = YES;
				CLANG_WARN_OBJC_IMPLICIT_RETAIN_SELF = YES;
				CLANG_WARN_OBJC_LITERAL_CONVERSION = YES;
				CLANG_WARN_OBJC_ROOT_CLASS = YES_ERROR;
				CLANG_WARN_QUOTED_INCLUDE_IN_FRAMEWORK_HEADER = YES;
				CLANG_WARN_RANGE_LOOP_ANALYSIS = YES;
				CLANG_WARN_STRICT_PROTOTYPES = YES;
				CLANG_WARN_SUSPICIOUS_MOVE = YES;
				CLANG_WARN_UNGUARDED_AVAILABILITY = YES_AGGRESSIVE;
				CLANG_WARN_UNREACHABLE_CODE = YES;
				CLANG_WARN__DUPLICATE_METHOD_MATCH = YES;
				COPY_PHASE_STRIP = NO;
				DEBUG_INFORMATION_FORMAT = "dwarf-with-dsym";
				ENABLE_NS_ASSERTIONS = NO;
				ENABLE_STRICT_OBJC_MSGSEND = YES;
				GCC_C_LANGUAGE_STANDARD = gnu11;
				GCC_NO_COMMON_BLOCKS = YES;
				GCC_WARN_64_TO_32_BIT_CONVERSION = YES;
				GCC_WARN_ABOUT_RETURN_TYPE = YES_ERROR;
				GCC_WARN_UNDECLARED_SELECTOR = YES;
				GCC_WARN_UNINITIALIZED_AUTOS = YES_AGGRESSIVE;
				GCC_WARN_UNUSED_FUNCTION = YES;
				GCC_WARN_UNUSED_VARIABLE = YES;
				IPHONEOS_DEPLOYMENT_TARGET = 15.5;
				MTL_ENABLE_DEBUG_INFO = NO;
				MTL_FAST_MATH = YES;
				SDKROOT = iphoneos;
				VALIDATE_PRODUCT = YES;
			};
			name = Release;
		};
		2BF2FBCD29421B1A00CF9AB3 /* Debug */ = {
			isa = XCBuildConfiguration;
			buildSettings = {
				ASSETCATALOG_COMPILER_APPICON_NAME = AppIcon;
				ASSETCATALOG_COMPILER_GLOBAL_ACCENT_COLOR_NAME = AccentColor;
				CODE_SIGN_STYLE = Automatic;
				CURRENT_PROJECT_VERSION = 1;
				DEVELOPMENT_TEAM = G4B7ZBVBTD;
				GENERATE_INFOPLIST_FILE = YES;
				HEADER_SEARCH_PATHS = (
					../../Test,
					../../Common,
				);
				INFOPLIST_FILE = 02_CaptureDevice_ios/Info.plist;
				INFOPLIST_KEY_UIApplicationSupportsIndirectInputEvents = YES;
				INFOPLIST_KEY_UILaunchStoryboardName = LaunchScreen;
				INFOPLIST_KEY_UIMainStoryboardFile = Main;
				INFOPLIST_KEY_UISupportedInterfaceOrientations_iPad = "UIInterfaceOrientationPortrait UIInterfaceOrientationPortraitUpsideDown UIInterfaceOrientationLandscapeLeft UIInterfaceOrientationLandscapeRight";
				INFOPLIST_KEY_UISupportedInterfaceOrientations_iPhone = "UIInterfaceOrientationPortrait UIInterfaceOrientationLandscapeLeft UIInterfaceOrientationLandscapeRight";
				LD_RUNPATH_SEARCH_PATHS = (
					"$(inherited)",
					"@executable_path/Frameworks",
				);
				MARKETING_VERSION = 1.0;
				PRODUCT_BUNDLE_IDENTIFIER = "com.rtcbook.mac.ch2.-2-CaptureDevice-ios";
				PRODUCT_NAME = "$(TARGET_NAME)";
				SWIFT_EMIT_LOC_STRINGS = YES;
				TARGETED_DEVICE_FAMILY = "1,2";
			};
			name = Debug;
		};
		2BF2FBCE29421B1A00CF9AB3 /* Release */ = {
			isa = XCBuildConfiguration;
			buildSettings = {
				ASSETCATALOG_COMPILER_APPICON_NAME = AppIcon;
				ASSETCATALOG_COMPILER_GLOBAL_ACCENT_COLOR_NAME = AccentColor;
				CODE_SIGN_STYLE = Automatic;
				CURRENT_PROJECT_VERSION = 1;
				DEVELOPMENT_TEAM = G4B7ZBVBTD;
				GENERATE_INFOPLIST_FILE = YES;
				HEADER_SEARCH_PATHS = (
					../../Test,
					../../Common,
				);
				INFOPLIST_FILE = 02_CaptureDevice_ios/Info.plist;
				INFOPLIST_KEY_UIApplicationSupportsIndirectInputEvents = YES;
				INFOPLIST_KEY_UILaunchStoryboardName = LaunchScreen;
				INFOPLIST_KEY_UIMainStoryboardFile = Main;
				INFOPLIST_KEY_UISupportedInterfaceOrientations_iPad = "UIInterfaceOrientationPortrait UIInterfaceOrientationPortraitUpsideDown UIInterfaceOrientationLandscapeLeft UIInterfaceOrientationLandscapeRight";
				INFOPLIST_KEY_UISupportedInterfaceOrientations_iPhone = "UIInterfaceOrientationPortrait UIInterfaceOrientationLandscapeLeft UIInterfaceOrientationLandscapeRight";
				LD_RUNPATH_SEARCH_PATHS = (
					"$(inherited)",
					"@executable_path/Frameworks",
				);
				MARKETING_VERSION = 1.0;
				PRODUCT_BUNDLE_IDENTIFIER = "com.rtcbook.mac.ch2.-2-CaptureDevice-ios";
				PRODUCT_NAME = "$(TARGET_NAME)";
				SWIFT_EMIT_LOC_STRINGS = YES;
				TARGETED_DEVICE_FAMILY = "1,2";
			};
			name = Release;
		};
/* End XCBuildConfiguration section */

/* Begin XCConfigurationList section */
		2BF2FBAE29421B1700CF9AB3 /* Build configuration list for PBXProject "02_CaptureDevice_ios" */ = {
			isa = XCConfigurationList;
			buildConfigurations = (
				2BF2FBCA29421B1A00CF9AB3 /* Debug */,
				2BF2FBCB29421B1A00CF9AB3 /* Release */,
			);
			defaultConfigurationIsVisible = 0;
			defaultConfigurationName = Release;
		};
		2BF2FBCC29421B1A00CF9AB3 /* Build configuration list for PBXNativeTarget "02_CaptureDevice_ios" */ = {
			isa = XCConfigurationList;
			buildConfigurations = (
				2BF2FBCD29421B1A00CF9AB3 /* Debug */,
				2BF2FBCE29421B1A00CF9AB3 /* Release */,
			);
			defaultConfigurationIsVisible = 0;
			defaultConfigurationName = Release;
		};
/* End XCConfigurationList section */
	};
	rootObject = 2BF2FBAB29421B1700CF9AB3 /* Project object */;
}
